// !$*UTF8*$!
{
	archiveVersion = 1;
	classes = {
	};
	objectVersion = 55;
	objects = {

/* Begin PBXBuildFile section */
		C5DA4056281A93DA0003267C /* AppDelegate.m in Sources */ = {isa = PBXBuildFile; fileRef = C5DA4055281A93DA0003267C /* AppDelegate.m */; };
		C5DA4059281A93DA0003267C /* SceneDelegate.m in Sources */ = {isa = PBXBuildFile; fileRef = C5DA4058281A93DA0003267C /* SceneDelegate.m */; };
		C5DA405C281A93DA0003267C /* ViewController.m in Sources */ = {isa = PBXBuildFile; fileRef = C5DA405B281A93DA0003267C /* ViewController.m */; };
		C5DA405F281A93DA0003267C /* Main.storyboard in Resources */ = {isa = PBXBuildFile; fileRef = C5DA405D281A93DA0003267C /* Main.storyboard */; };
		C5DA4061281A93DA0003267C /* Assets.xcassets in Resources */ = {isa = PBXBuildFile; fileRef = C5DA4060281A93DA0003267C /* Assets.xcassets */; };
		C5DA4064281A93DA0003267C /* LaunchScreen.storyboard in Resources */ = {isa = PBXBuildFile; fileRef = C5DA4062281A93DA0003267C /* LaunchScreen.storyboard */; };
		C5DA4067281A93DA0003267C /* main.m in Sources */ = {isa = PBXBuildFile; fileRef = C5DA4066281A93DA0003267C /* main.m */; };
		C5DA406F281A944F0003267C /* TPDirect.framework in Frameworks */ = {isa = PBXBuildFile; fileRef = C5DA406E281A944F0003267C /* TPDirect.framework */; };
		C5DA4071281A94550003267C /* WebKit.framework in Frameworks */ = {isa = PBXBuildFile; fileRef = C5DA4070281A94550003267C /* WebKit.framework */; };
/* End PBXBuildFile section */

/* Begin PBXFileReference section */
		C5DA4051281A93DA0003267C /* TPDPlusPayExample.app */ = {isa = PBXFileReference; explicitFileType = wrapper.application; includeInIndex = 0; path = TPDPlusPayExample.app; sourceTree = BUILT_PRODUCTS_DIR; };
		C5DA4054281A93DA0003267C /* AppDelegate.h */ = {isa = PBXFileReference; lastKnownFileType = sourcecode.c.h; path = AppDelegate.h; sourceTree = "<group>"; };
		C5DA4055281A93DA0003267C /* AppDelegate.m */ = {isa = PBXFileReference; lastKnownFileType = sourcecode.c.objc; path = AppDelegate.m; sourceTree = "<group>"; };
		C5DA4057281A93DA0003267C /* SceneDelegate.h */ = {isa = PBXFileReference; lastKnownFileType = sourcecode.c.h; path = SceneDelegate.h; sourceTree = "<group>"; };
		C5DA4058281A93DA0003267C /* SceneDelegate.m */ = {isa = PBXFileReference; lastKnownFileType = sourcecode.c.objc; path = SceneDelegate.m; sourceTree = "<group>"; };
		C5DA405A281A93DA0003267C /* ViewController.h */ = {isa = PBXFileReference; lastKnownFileType = sourcecode.c.h; path = ViewController.h; sourceTree = "<group>"; };
		C5DA405B281A93DA0003267C /* ViewController.m */ = {isa = PBXFileReference; lastKnownFileType = sourcecode.c.objc; path = ViewController.m; sourceTree = "<group>"; };
		C5DA405E281A93DA0003267C /* Base */ = {isa = PBXFileReference; lastKnownFileType = file.storyboard; name = Base; path = Base.lproj/Main.storyboard; sourceTree = "<group>"; };
		C5DA4060281A93DA0003267C /* Assets.xcassets */ = {isa = PBXFileReference; lastKnownFileType = folder.assetcatalog; path = Assets.xcassets; sourceTree = "<group>"; };
		C5DA4063281A93DA0003267C /* Base */ = {isa = PBXFileReference; lastKnownFileType = file.storyboard; name = Base; path = Base.lproj/LaunchScreen.storyboard; sourceTree = "<group>"; };
		C5DA4065281A93DA0003267C /* Info.plist */ = {isa = PBXFileReference; lastKnownFileType = text.plist.xml; path = Info.plist; sourceTree = "<group>"; };
		C5DA4066281A93DA0003267C /* main.m */ = {isa = PBXFileReference; lastKnownFileType = sourcecode.c.objc; path = main.m; sourceTree = "<group>"; };
		C5DA406E281A944F0003267C /* TPDirect.framework */ = {isa = PBXFileReference; lastKnownFileType = wrapper.framework; path = TPDirect.framework; sourceTree = "<group>"; };
		C5DA4070281A94550003267C /* WebKit.framework */ = {isa = PBXFileReference; lastKnownFileType = wrapper.framework; name = WebKit.framework; path = System/Library/Frameworks/WebKit.framework; sourceTree = SDKROOT; };
/* End PBXFileReference section */

/* Begin PBXFrameworksBuildPhase section */
		C5DA404E281A93DA0003267C /* Frameworks */ = {
			isa = PBXFrameworksBuildPhase;
			buildActionMask = 2147483647;
			files = (
				C5DA4071281A94550003267C /* WebKit.framework in Frameworks */,
				C5DA406F281A944F0003267C /* TPDirect.framework in Frameworks */,
			);
			runOnlyForDeploymentPostprocessing = 0;
		};
/* End PBXFrameworksBuildPhase section */

/* Begin PBXGroup section */
		C5DA4048281A93DA0003267C = {
			isa = PBXGroup;
			children = (
				C5DA4053281A93DA0003267C /* TPDPlusPayExample */,
				C5DA4052281A93DA0003267C /* Products */,
				C5DA406D281A944F0003267C /* Frameworks */,
			);
			sourceTree = "<group>";
		};
		C5DA4052281A93DA0003267C /* Products */ = {
			isa = PBXGroup;
			children = (
				C5DA4051281A93DA0003267C /* TPDPlusPayExample.app */,
			);
			name = Products;
			sourceTree = "<group>";
		};
		C5DA4053281A93DA0003267C /* TPDPlusPayExample */ = {
			isa = PBXGroup;
			children = (
				C5DA4054281A93DA0003267C /* AppDelegate.h */,
				C5DA4055281A93DA0003267C /* AppDelegate.m */,
				C5DA4057281A93DA0003267C /* SceneDelegate.h */,
				C5DA4058281A93DA0003267C /* SceneDelegate.m */,
				C5DA405A281A93DA0003267C /* ViewController.h */,
				C5DA405B281A93DA0003267C /* ViewController.m */,
				C5DA405D281A93DA0003267C /* Main.storyboard */,
				C5DA4060281A93DA0003267C /* Assets.xcassets */,
				C5DA4062281A93DA0003267C /* LaunchScreen.storyboard */,
				C5DA4065281A93DA0003267C /* Info.plist */,
				C5DA4066281A93DA0003267C /* main.m */,
				C5DA406E281A944F0003267C /* TPDirect.framework */,
			);
			path = TPDPlusPayExample;
			sourceTree = "<group>";
		};
		C5DA406D281A944F0003267C /* Frameworks */ = {
			isa = PBXGroup;
			children = (
				C5DA4070281A94550003267C /* WebKit.framework */,
			);
			name = Frameworks;
			sourceTree = "<group>";
		};
/* End PBXGroup section */

/* Begin PBXNativeTarget section */
		C5DA4050281A93DA0003267C /* TPDPlusPayExample */ = {
			isa = PBXNativeTarget;
			buildConfigurationList = C5DA406A281A93DA0003267C /* Build configuration list for PBXNativeTarget "TPDPlusPayExample" */;
			buildPhases = (
				C5DA404D281A93DA0003267C /* Sources */,
				C5DA404E281A93DA0003267C /* Frameworks */,
				C5DA404F281A93DA0003267C /* Resources */,
			);
			buildRules = (
			);
			dependencies = (
			);
			name = TPDPlusPayExample;
			productName = TPDPlusPayExample;
			productReference = C5DA4051281A93DA0003267C /* TPDPlusPayExample.app */;
			productType = "com.apple.product-type.application";
		};
/* End PBXNativeTarget section */

/* Begin PBXProject section */
		C5DA4049281A93DA0003267C /* Project object */ = {
			isa = PBXProject;
			attributes = {
				BuildIndependentTargetsInParallel = 1;
				LastUpgradeCheck = 1330;
				TargetAttributes = {
					C5DA4050281A93DA0003267C = {
						CreatedOnToolsVersion = 13.3.1;
					};
				};
			};
			buildConfigurationList = C5DA404C281A93DA0003267C /* Build configuration list for PBXProject "TPDPlusPayExample" */;
			compatibilityVersion = "Xcode 13.0";
			developmentRegion = en;
			hasScannedForEncodings = 0;
			knownRegions = (
				en,
				Base,
			);
			mainGroup = C5DA4048281A93DA0003267C;
			productRefGroup = C5DA4052281A93DA0003267C /* Products */;
			projectDirPath = "";
			projectRoot = "";
			targets = (
				C5DA4050281A93DA0003267C /* TPDPlusPayExample */,
			);
		};
/* End PBXProject section */

/* Begin PBXResourcesBuildPhase section */
		C5DA404F281A93DA0003267C /* Resources */ = {
			isa = PBXResourcesBuildPhase;
			buildActionMask = 2147483647;
			files = (
				C5DA4064281A93DA0003267C /* LaunchScreen.storyboard in Resources */,
				C5DA4061281A93DA0003267C /* Assets.xcassets in Resources */,
				C5DA405F281A93DA0003267C /* Main.storyboard in Resources */,
			);
			runOnlyForDeploymentPostprocessing = 0;
		};
/* End PBXResourcesBuildPhase section */

/* Begin PBXSourcesBuildPhase section */
		C5DA404D281A93DA0003267C /* Sources */ = {
			isa = PBXSourcesBuildPhase;
			buildActionMask = 2147483647;
			files = (
				C5DA405C281A93DA0003267C /* ViewController.m in Sources */,
				C5DA4056281A93DA0003267C /* AppDelegate.m in Sources */,
				C5DA4067281A93DA0003267C /* main.m in Sources */,
				C5DA4059281A93DA0003267C /* SceneDelegate.m in Sources */,
			);
			runOnlyForDeploymentPostprocessing = 0;
		};
/* End PBXSourcesBuildPhase section */

/* Begin PBXVariantGroup section */
		C5DA405D281A93DA0003267C /* Main.storyboard */ = {
			isa = PBXVariantGroup;
			children = (
				C5DA405E281A93DA0003267C /* Base */,
			);
			name = Main.storyboard;
			sourceTree = "<group>";
		};
		C5DA4062281A93DA0003267C /* LaunchScreen.storyboard */ = {
			isa = PBXVariantGroup;
			children = (
				C5DA4063281A93DA0003267C /* Base */,
			);
			name = LaunchScreen.storyboard;
			sourceTree = "<group>";
		};
/* End PBXVariantGroup section */

/* Begin XCBuildConfiguration section */
		C5DA4068281A93DA0003267C /* Debug */ = {
			isa = XCBuildConfiguration;
			buildSettings = {
				ALWAYS_SEARCH_USER_PATHS = NO;
				CLANG_ANALYZER_NONNULL = YES;
				CLANG_ANALYZER_NUMBER_OBJECT_CONVERSION = YES_AGGRESSIVE;
				CLANG_CXX_LANGUAGE_STANDARD = "gnu++17";
				CLANG_ENABLE_MODULES = YES;
				CLANG_ENABLE_OBJC_ARC = YES;
				CLANG_ENABLE_OBJC_WEAK = YES;
				CLANG_WARN_BLOCK_CAPTURE_AUTORELEASING = YES;
				CLANG_WARN_BOOL_CONVERSION = YES;
				CLANG_WARN_COMMA = YES;
				CLANG_WARN_CONSTANT_CONVERSION = YES;
				CLANG_WARN_DEPRECATED_OBJC_IMPLEMENTATIONS = YES;
				CLANG_WARN_DIRECT_OBJC_ISA_USAGE = YES_ERROR;
				CLANG_WARN_DOCUMENTATION_COMMENTS = YES;
				CLANG_WARN_EMPTY_BODY = YES;
				CLANG_WARN_ENUM_CONVERSION = YES;
				CLANG_WARN_INFINITE_RECURSION = YES;
				CLANG_WARN_INT_CONVERSION = YES;
				CLANG_WARN_NON_LITERAL_NULL_CONVERSION = YES;
				CLANG_WARN_OBJC_IMPLICIT_RETAIN_SELF = YES;
				CLANG_WARN_OBJC_LITERAL_CONVERSION = YES;
				CLANG_WARN_OBJC_ROOT_CLASS = YES_ERROR;
				CLANG_WARN_QUOTED_INCLUDE_IN_FRAMEWORK_HEADER = YES;
				CLANG_WARN_RANGE_LOOP_ANALYSIS = YES;
				CLANG_WARN_STRICT_PROTOTYPES = YES;
				CLANG_WARN_SUSPICIOUS_MOVE = YES;
				CLANG_WARN_UNGUARDED_AVAILABILITY = YES_AGGRESSIVE;
				CLANG_WARN_UNREACHABLE_CODE = YES;
				CLANG_WARN__DUPLICATE_METHOD_MATCH = YES;
				COPY_PHASE_STRIP = NO;
				DEBUG_INFORMATION_FORMAT = dwarf;
				ENABLE_STRICT_OBJC_MSGSEND = YES;
				ENABLE_TESTABILITY = YES;
				GCC_C_LANGUAGE_STANDARD = gnu11;
				GCC_DYNAMIC_NO_PIC = NO;
				GCC_NO_COMMON_BLOCKS = YES;
				GCC_OPTIMIZATION_LEVEL = 0;
				GCC_PREPROCESSOR_DEFINITIONS = (
					"DEBUG=1",
					"$(inherited)",
				);
				GCC_WARN_64_TO_32_BIT_CONVERSION = YES;
				GCC_WARN_ABOUT_RETURN_TYPE = YES_ERROR;
				GCC_WARN_UNDECLARED_SELECTOR = YES;
				GCC_WARN_UNINITIALIZED_AUTOS = YES_AGGRESSIVE;
				GCC_WARN_UNUSED_FUNCTION = YES;
				GCC_WARN_UNUSED_VARIABLE = YES;
				IPHONEOS_DEPLOYMENT_TARGET = 15.0;
				MTL_ENABLE_DEBUG_INFO = INCLUDE_SOURCE;
				MTL_FAST_MATH = YES;
				ONLY_ACTIVE_ARCH = YES;
				SDKROOT = iphoneos;
			};
			name = Debug;
		};
		C5DA4069281A93DA0003267C /* Release */ = {
			isa = XCBuildConfiguration;
			buildSettings = {
				ALWAYS_SEARCH_USER_PATHS = NO;
				CLANG_ANALYZER_NONNULL = YES;
				CLANG_ANALYZER_NUMBER_OBJECT_CONVERSION = YES_AGGRESSIVE;
				CLANG_CXX_LANGUAGE_STANDARD = "gnu++17";
				CLANG_ENABLE_MODULES = YES;
				CLANG_ENABLE_OBJC_ARC = YES;
				CLANG_ENABLE_OBJC_WEAK = YES;
				CLANG_WARN_BLOCK_CAPTURE_AUTORELEASING = YES;
				CLANG_WARN_BOOL_CONVERSION = YES;
				CLANG_WARN_COMMA = YES;
				CLANG_WARN_CONSTANT_CONVERSION = YES;
				CLANG_WARN_DEPRECATED_OBJC_IMPLEMENTATIONS = YES;
				CLANG_WARN_DIRECT_OBJC_ISA_USAGE = YES_ERROR;
				CLANG_WARN_DOCUMENTATION_COMMENTS = YES;
				CLANG_WARN_EMPTY_BODY = YES;
				CLANG_WARN_ENUM_CONVERSION = YES;
				CLANG_WARN_INFINITE_RECURSION = YES;
				CLANG_WARN_INT_CONVERSION = YES;
				CLANG_WARN_NON_LITERAL_NULL_CONVERSION = YES;
				CLANG_WARN_OBJC_IMPLICIT_RETAIN_SELF = YES;
				CLANG_WARN_OBJC_LITERAL_CONVERSION = YES;
				CLANG_WARN_OBJC_ROOT_CLASS = YES_ERROR;
				CLANG_WARN_QUOTED_INCLUDE_IN_FRAMEWORK_HEADER = YES;
				CLANG_WARN_RANGE_LOOP_ANALYSIS = YES;
				CLANG_WARN_STRICT_PROTOTYPES = YES;
				CLANG_WARN_SUSPICIOUS_MOVE = YES;
				CLANG_WARN_UNGUARDED_AVAILABILITY = YES_AGGRESSIVE;
				CLANG_WARN_UNREACHABLE_CODE = YES;
				CLANG_WARN__DUPLICATE_METHOD_MATCH = YES;
				COPY_PHASE_STRIP = NO;
				DEBUG_INFORMATION_FORMAT = "dwarf-with-dsym";
				ENABLE_NS_ASSERTIONS = NO;
				ENABLE_STRICT_OBJC_MSGSEND = YES;
				GCC_C_LANGUAGE_STANDARD = gnu11;
				GCC_NO_COMMON_BLOCKS = YES;
				GCC_WARN_64_TO_32_BIT_CONVERSION = YES;
				GCC_WARN_ABOUT_RETURN_TYPE = YES_ERROR;
				GCC_WARN_UNDECLARED_SELECTOR = YES;
				GCC_WARN_UNINITIALIZED_AUTOS = YES_AGGRESSIVE;
				GCC_WARN_UNUSED_FUNCTION = YES;
				GCC_WARN_UNUSED_VARIABLE = YES;
				IPHONEOS_DEPLOYMENT_TARGET = 15.0;
				MTL_ENABLE_DEBUG_INFO = NO;
				MTL_FAST_MATH = YES;
				ONLY_ACTIVE_ARCH = NO;
				SDKROOT = iphoneos;
				VALIDATE_PRODUCT = YES;
			};
			name = Release;
		};
		C5DA406B281A93DA0003267C /* Debug */ = {
			isa = XCBuildConfiguration;
			buildSettings = {
				ASSETCATALOG_COMPILER_APPICON_NAME = AppIcon;
				ASSETCATALOG_COMPILER_GLOBAL_ACCENT_COLOR_NAME = AccentColor;
				CODE_SIGN_STYLE = Automatic;
				CURRENT_PROJECT_VERSION = 1;
				DEVELOPMENT_TEAM = T9G64ZZGC4;
				FRAMEWORK_SEARCH_PATHS = (
					"$(inherited)",
					"$(PROJECT_DIR)/TPDPlusPayExample",
				);
				GENERATE_INFOPLIST_FILE = YES;
				INFOPLIST_FILE = TPDPlusPayExample/Info.plist;
				INFOPLIST_KEY_UIApplicationSupportsIndirectInputEvents = YES;
				INFOPLIST_KEY_UILaunchStoryboardName = LaunchScreen;
				INFOPLIST_KEY_UIMainStoryboardFile = Main;
				INFOPLIST_KEY_UISupportedInterfaceOrientations_iPad = "UIInterfaceOrientationPortrait UIInterfaceOrientationPortraitUpsideDown UIInterfaceOrientationLandscapeLeft UIInterfaceOrientationLandscapeRight";
				INFOPLIST_KEY_UISupportedInterfaceOrientations_iPhone = "UIInterfaceOrientationPortrait UIInterfaceOrientationLandscapeLeft UIInterfaceOrientationLandscapeRight";
				LD_RUNPATH_SEARCH_PATHS = (
					"$(inherited)",
					"@executable_path/Frameworks",
				);
				MARKETING_VERSION = 1.0;
				PRODUCT_BUNDLE_IDENTIFIER = Cherri.TPDPlusPayExample;
				PRODUCT_NAME = "$(TARGET_NAME)";
				SWIFT_EMIT_LOC_STRINGS = YES;
				TARGETED_DEVICE_FAMILY = "1,2";
			};
			name = Debug;
		};
		C5DA406C281A93DA0003267C /* Release */ = {
			isa = XCBuildConfiguration;
			buildSettings = {
				ASSETCATALOG_COMPILER_APPICON_NAME = AppIcon;
				ASSETCATALOG_COMPILER_GLOBAL_ACCENT_COLOR_NAME = AccentColor;
				CODE_SIGN_STYLE = Automatic;
				CURRENT_PROJECT_VERSION = 1;
				DEVELOPMENT_TEAM = T9G64ZZGC4;
				FRAMEWORK_SEARCH_PATHS = (
					"$(inherited)",
					"$(PROJECT_DIR)/TPDPlusPayExample",
				);
				GENERATE_INFOPLIST_FILE = YES;
				INFOPLIST_FILE = TPDPlusPayExample/Info.plist;
				INFOPLIST_KEY_UIApplicationSupportsIndirectInputEvents = YES;
				INFOPLIST_KEY_UILaunchStoryboardName = LaunchScreen;
				INFOPLIST_KEY_UIMainStoryboardFile = Main;
				INFOPLIST_KEY_UISupportedInterfaceOrientations_iPad = "UIInterfaceOrientationPortrait UIInterfaceOrientationPortraitUpsideDown UIInterfaceOrientationLandscapeLeft UIInterfaceOrientationLandscapeRight";
				INFOPLIST_KEY_UISupportedInterfaceOrientations_iPhone = "UIInterfaceOrientationPortrait UIInterfaceOrientationLandscapeLeft UIInterfaceOrientationLandscapeRight";
				LD_RUNPATH_SEARCH_PATHS = (
					"$(inherited)",
					"@executable_path/Frameworks",
				);
				MARKETING_VERSION = 1.0;
				PRODUCT_BUNDLE_IDENTIFIER = Cherri.TPDPlusPayExample;
				PRODUCT_NAME = "$(TARGET_NAME)";
				SWIFT_EMIT_LOC_STRINGS = YES;
				TARGETED_DEVICE_FAMILY = "1,2";
			};
			name = Release;
		};
/* End XCBuildConfiguration section */

/* Begin XCConfigurationList section */
		C5DA404C281A93DA0003267C /* Build configuration list for PBXProject "TPDPlusPayExample" */ = {
			isa = XCConfigurationList;
			buildConfigurations = (
				C5DA4068281A93DA0003267C /* Debug */,
				C5DA4069281A93DA0003267C /* Release */,
			);
			defaultConfigurationIsVisible = 0;
			defaultConfigurationName = Release;
		};
		C5DA406A281A93DA0003267C /* Build configuration list for PBXNativeTarget "TPDPlusPayExample" */ = {
			isa = XCConfigurationList;
			buildConfigurations = (
				C5DA406B281A93DA0003267C /* Debug */,
				C5DA406C281A93DA0003267C /* Release */,
			);
			defaultConfigurationIsVisible = 0;
			defaultConfigurationName = Release;
		};
/* End XCConfigurationList section */
	};
	rootObject = C5DA4049281A93DA0003267C /* Project object */;
}
