// !$*UTF8*$!
{
	archiveVersion = 1;
	classes = {
	};
	objectVersion = 55;
	objects = {

/* Begin PBXBuildFile section */
		F9FEEF0E27EC682A00DDCBF4 /* AppDelegate.swift in Sources */ = {isa = PBXBuildFile; fileRef = F9FEEF0D27EC682A00DDCBF4 /* AppDelegate.swift */; };
		F9FEEF1027EC682A00DDCBF4 /* SceneDelegate.swift in Sources */ = {isa = PBXBuildFile; fileRef = F9FEEF0F27EC682A00DDCBF4 /* SceneDelegate.swift */; };
		F9FEEF1227EC682A00DDCBF4 /* ViewController.swift in Sources */ = {isa = PBXBuildFile; fileRef = F9FEEF1127EC682A00DDCBF4 /* ViewController.swift */; };
		F9FEEF1527EC682A00DDCBF4 /* Main.storyboard in Resources */ = {isa = PBXBuildFile; fileRef = F9FEEF1327EC682A00DDCBF4 /* Main.storyboard */; };
		F9FEEF1727EC682F00DDCBF4 /* Assets.xcassets in Resources */ = {isa = PBXBuildFile; fileRef = F9FEEF1627EC682F00DDCBF4 /* Assets.xcassets */; };
		F9FEEF1A27EC682F00DDCBF4 /* LaunchScreen.storyboard in Resources */ = {isa = PBXBuildFile; fileRef = F9FEEF1827EC682F00DDCBF4 /* LaunchScreen.storyboard */; };
		F9FEEF2227EC686F00DDCBF4 /* TPDirect.framework in Frameworks */ = {isa = PBXBuildFile; fileRef = F9FEEF2127EC686F00DDCBF4 /* TPDirect.framework */; };
		F9FEEF2627EC699D00DDCBF4 /* WebKit.framework in Frameworks */ = {isa = PBXBuildFile; fileRef = F9FEEF2527EC699D00DDCBF4 /* WebKit.framework */; };
/* End PBXBuildFile section */

/* Begin PBXFileReference section */
		F9FEEF0A27EC682A00DDCBF4 /* AtomeExample.app */ = {isa = PBXFileReference; explicitFileType = wrapper.application; includeInIndex = 0; path = AtomeExample.app; sourceTree = BUILT_PRODUCTS_DIR; };
		F9FEEF0D27EC682A00DDCBF4 /* AppDelegate.swift */ = {isa = PBXFileReference; lastKnownFileType = sourcecode.swift; path = AppDelegate.swift; sourceTree = "<group>"; };
		F9FEEF0F27EC682A00DDCBF4 /* SceneDelegate.swift */ = {isa = PBXFileReference; lastKnownFileType = sourcecode.swift; path = SceneDelegate.swift; sourceTree = "<group>"; };
		F9FEEF1127EC682A00DDCBF4 /* ViewController.swift */ = {isa = PBXFileReference; lastKnownFileType = sourcecode.swift; path = ViewController.swift; sourceTree = "<group>"; };
		F9FEEF1427EC682A00DDCBF4 /* Base */ = {isa = PBXFileReference; lastKnownFileType = file.storyboard; name = Base; path = Base.lproj/Main.storyboard; sourceTree = "<group>"; };
		F9FEEF1627EC682F00DDCBF4 /* Assets.xcassets */ = {isa = PBXFileReference; lastKnownFileType = folder.assetcatalog; path = Assets.xcassets; sourceTree = "<group>"; };
		F9FEEF1927EC682F00DDCBF4 /* Base */ = {isa = PBXFileReference; lastKnownFileType = file.storyboard; name = Base; path = Base.lproj/LaunchScreen.storyboard; sourceTree = "<group>"; };
		F9FEEF1B27EC682F00DDCBF4 /* Info.plist */ = {isa = PBXFileReference; lastKnownFileType = text.plist.xml; path = Info.plist; sourceTree = "<group>"; };
		F9FEEF2127EC686F00DDCBF4 /* TPDirect.framework */ = {isa = PBXFileReference; lastKnownFileType = wrapper.framework; path = TPDirect.framework; sourceTree = "<group>"; };
		F9FEEF2327EC689200DDCBF4 /* TPDirect_Example-Bridging-Header.h */ = {isa = PBXFileReference; lastKnownFileType = sourcecode.c.h; name = "TPDirect_Example-Bridging-Header.h"; path = "../../../Atome/Atome/TPDirect_Example-Bridging-Header.h"; sourceTree = "<group>"; };
		F9FEEF2527EC699D00DDCBF4 /* WebKit.framework */ = {isa = PBXFileReference; lastKnownFileType = wrapper.framework; name = WebKit.framework; path = System/Library/Frameworks/WebKit.framework; sourceTree = SDKROOT; };
/* End PBXFileReference section */

/* Begin PBXFrameworksBuildPhase section */
		F9FEEF0727EC682A00DDCBF4 /* Frameworks */ = {
			isa = PBXFrameworksBuildPhase;
			buildActionMask = 2147483647;
			files = (
				F9FEEF2627EC699D00DDCBF4 /* WebKit.framework in Frameworks */,
				F9FEEF2227EC686F00DDCBF4 /* TPDirect.framework in Frameworks */,
			);
			runOnlyForDeploymentPostprocessing = 0;
		};
/* End PBXFrameworksBuildPhase section */

/* Begin PBXGroup section */
		F9FEEF0127EC682A00DDCBF4 = {
			isa = PBXGroup;
			children = (
				F9FEEF0C27EC682A00DDCBF4 /* AtomeExample */,
				F9FEEF0B27EC682A00DDCBF4 /* Products */,
				F9FEEF2427EC699C00DDCBF4 /* Frameworks */,
			);
			sourceTree = "<group>";
		};
		F9FEEF0B27EC682A00DDCBF4 /* Products */ = {
			isa = PBXGroup;
			children = (
				F9FEEF0A27EC682A00DDCBF4 /* AtomeExample.app */,
			);
			name = Products;
			sourceTree = "<group>";
		};
		F9FEEF0C27EC682A00DDCBF4 /* AtomeExample */ = {
			isa = PBXGroup;
			children = (
				F9FEEF0D27EC682A00DDCBF4 /* AppDelegate.swift */,
				F9FEEF0F27EC682A00DDCBF4 /* SceneDelegate.swift */,
				F9FEEF1127EC682A00DDCBF4 /* ViewController.swift */,
				F9FEEF1327EC682A00DDCBF4 /* Main.storyboard */,
				F9FEEF1627EC682F00DDCBF4 /* Assets.xcassets */,
				F9FEEF1827EC682F00DDCBF4 /* LaunchScreen.storyboard */,
				F9FEEF2127EC686F00DDCBF4 /* TPDirect.framework */,
				F9FEEF2327EC689200DDCBF4 /* TPDirect_Example-Bridging-Header.h */,
				F9FEEF1B27EC682F00DDCBF4 /* Info.plist */,
			);
			path = AtomeExample;
			sourceTree = "<group>";
		};
		F9FEEF2427EC699C00DDCBF4 /* Frameworks */ = {
			isa = PBXGroup;
			children = (
				F9FEEF2527EC699D00DDCBF4 /* WebKit.framework */,
			);
			name = Frameworks;
			sourceTree = "<group>";
		};
/* End PBXGroup section */

/* Begin PBXNativeTarget section */
		F9FEEF0927EC682A00DDCBF4 /* AtomeExample */ = {
			isa = PBXNativeTarget;
			buildConfigurationList = F9FEEF1E27EC682F00DDCBF4 /* Build configuration list for PBXNativeTarget "AtomeExample" */;
			buildPhases = (
				F9FEEF0627EC682A00DDCBF4 /* Sources */,
				F9FEEF0727EC682A00DDCBF4 /* Frameworks */,
				F9FEEF0827EC682A00DDCBF4 /* Resources */,
			);
			buildRules = (
			);
			dependencies = (
			);
			name = AtomeExample;
			productName = AtomeExample;
			productReference = F9FEEF0A27EC682A00DDCBF4 /* AtomeExample.app */;
			productType = "com.apple.product-type.application";
		};
/* End PBXNativeTarget section */

/* Begin PBXProject section */
		F9FEEF0227EC682A00DDCBF4 /* Project object */ = {
			isa = PBXProject;
			attributes = {
				BuildIndependentTargetsInParallel = 1;
				LastSwiftUpdateCheck = 1300;
				LastUpgradeCheck = 1300;
				TargetAttributes = {
					F9FEEF0927EC682A00DDCBF4 = {
						CreatedOnToolsVersion = 13.0;
					};
				};
			};
			buildConfigurationList = F9FEEF0527EC682A00DDCBF4 /* Build configuration list for PBXProject "AtomeExample" */;
			compatibilityVersion = "Xcode 13.0";
			developmentRegion = en;
			hasScannedForEncodings = 0;
			knownRegions = (
				en,
				Base,
			);
			mainGroup = F9FEEF0127EC682A00DDCBF4;
			productRefGroup = F9FEEF0B27EC682A00DDCBF4 /* Products */;
			projectDirPath = "";
			projectRoot = "";
			targets = (
				F9FEEF0927EC682A00DDCBF4 /* AtomeExample */,
			);
		};
/* End PBXProject section */

/* Begin PBXResourcesBuildPhase section */
		F9FEEF0827EC682A00DDCBF4 /* Resources */ = {
			isa = PBXResourcesBuildPhase;
			buildActionMask = 2147483647;
			files = (
				F9FEEF1A27EC682F00DDCBF4 /* LaunchScreen.storyboard in Resources */,
				F9FEEF1727EC682F00DDCBF4 /* Assets.xcassets in Resources */,
				F9FEEF1527EC682A00DDCBF4 /* Main.storyboard in Resources */,
			);
			runOnlyForDeploymentPostprocessing = 0;
		};
/* End PBXResourcesBuildPhase section */

/* Begin PBXSourcesBuildPhase section */
		F9FEEF0627EC682A00DDCBF4 /* Sources */ = {
			isa = PBXSourcesBuildPhase;
			buildActionMask = 2147483647;
			files = (
				F9FEEF1227EC682A00DDCBF4 /* ViewController.swift in Sources */,
				F9FEEF0E27EC682A00DDCBF4 /* AppDelegate.swift in Sources */,
				F9FEEF1027EC682A00DDCBF4 /* SceneDelegate.swift in Sources */,
			);
			runOnlyForDeploymentPostprocessing = 0;
		};
/* End PBXSourcesBuildPhase section */

/* Begin PBXVariantGroup section */
		F9FEEF1327EC682A00DDCBF4 /* Main.storyboard */ = {
			isa = PBXVariantGroup;
			children = (
				F9FEEF1427EC682A00DDCBF4 /* Base */,
			);
			name = Main.storyboard;
			sourceTree = "<group>";
		};
		F9FEEF1827EC682F00DDCBF4 /* LaunchScreen.storyboard */ = {
			isa = PBXVariantGroup;
			children = (
				F9FEEF1927EC682F00DDCBF4 /* Base */,
			);
			name = LaunchScreen.storyboard;
			sourceTree = "<group>";
		};
/* End PBXVariantGroup section */

/* Begin XCBuildConfiguration section */
		F9FEEF1C27EC682F00DDCBF4 /* Debug */ = {
			isa = XCBuildConfiguration;
			buildSettings = {
				ALWAYS_SEARCH_USER_PATHS = NO;
				CLANG_ANALYZER_NONNULL = YES;
				CLANG_ANALYZER_NUMBER_OBJECT_CONVERSION = YES_AGGRESSIVE;
				CLANG_CXX_LANGUAGE_STANDARD = "gnu++17";
				CLANG_CXX_LIBRARY = "libc++";
				CLANG_ENABLE_MODULES = YES;
				CLANG_ENABLE_OBJC_ARC = YES;
				CLANG_ENABLE_OBJC_WEAK = YES;
				CLANG_WARN_BLOCK_CAPTURE_AUTORELEASING = YES;
				CLANG_WARN_BOOL_CONVERSION = YES;
				CLANG_WARN_COMMA = YES;
				CLANG_WARN_CONSTANT_CONVERSION = YES;
				CLANG_WARN_DEPRECATED_OBJC_IMPLEMENTATIONS = YES;
				CLANG_WARN_DIRECT_OBJC_ISA_USAGE = YES_ERROR;
				CLANG_WARN_DOCUMENTATION_COMMENTS = YES;
				CLANG_WARN_EMPTY_BODY = YES;
				CLANG_WARN_ENUM_CONVERSION = YES;
				CLANG_WARN_INFINITE_RECURSION = YES;
				CLANG_WARN_INT_CONVERSION = YES;
				CLANG_WARN_NON_LITERAL_NULL_CONVERSION = YES;
				CLANG_WARN_OBJC_IMPLICIT_RETAIN_SELF = YES;
				CLANG_WARN_OBJC_LITERAL_CONVERSION = YES;
				CLANG_WARN_OBJC_ROOT_CLASS = YES_ERROR;
				CLANG_WARN_QUOTED_INCLUDE_IN_FRAMEWORK_HEADER = YES;
				CLANG_WARN_RANGE_LOOP_ANALYSIS = YES;
				CLANG_WARN_STRICT_PROTOTYPES = YES;
				CLANG_WARN_SUSPICIOUS_MOVE = YES;
				CLANG_WARN_UNGUARDED_AVAILABILITY = YES_AGGRESSIVE;
				CLANG_WARN_UNREACHABLE_CODE = YES;
				CLANG_WARN__DUPLICATE_METHOD_MATCH = YES;
				COPY_PHASE_STRIP = NO;
				DEBUG_INFORMATION_FORMAT = dwarf;
				ENABLE_STRICT_OBJC_MSGSEND = YES;
				ENABLE_TESTABILITY = YES;
				GCC_C_LANGUAGE_STANDARD = gnu11;
				GCC_DYNAMIC_NO_PIC = NO;
				GCC_NO_COMMON_BLOCKS = YES;
				GCC_OPTIMIZATION_LEVEL = 0;
				GCC_PREPROCESSOR_DEFINITIONS = (
					"DEBUG=1",
					"$(inherited)",
				);
				GCC_WARN_64_TO_32_BIT_CONVERSION = YES;
				GCC_WARN_ABOUT_RETURN_TYPE = YES_ERROR;
				GCC_WARN_UNDECLARED_SELECTOR = YES;
				GCC_WARN_UNINITIALIZED_AUTOS = YES_AGGRESSIVE;
				GCC_WARN_UNUSED_FUNCTION = YES;
				GCC_WARN_UNUSED_VARIABLE = YES;
				IPHONEOS_DEPLOYMENT_TARGET = 13.0;
				MTL_ENABLE_DEBUG_INFO = INCLUDE_SOURCE;
				MTL_FAST_MATH = YES;
				ONLY_ACTIVE_ARCH = YES;
				SDKROOT = iphoneos;
				SWIFT_ACTIVE_COMPILATION_CONDITIONS = DEBUG;
				SWIFT_OPTIMIZATION_LEVEL = "-Onone";
			};
			name = Debug;
		};
		F9FEEF1D27EC682F00DDCBF4 /* Release */ = {
			isa = XCBuildConfiguration;
			buildSettings = {
				ALWAYS_SEARCH_USER_PATHS = NO;
				CLANG_ANALYZER_NONNULL = YES;
				CLANG_ANALYZER_NUMBER_OBJECT_CONVERSION = YES_AGGRESSIVE;
				CLANG_CXX_LANGUAGE_STANDARD = "gnu++17";
				CLANG_CXX_LIBRARY = "libc++";
				CLANG_ENABLE_MODULES = YES;
				CLANG_ENABLE_OBJC_ARC = YES;
				CLANG_ENABLE_OBJC_WEAK = YES;
				CLANG_WARN_BLOCK_CAPTURE_AUTORELEASING = YES;
				CLANG_WARN_BOOL_CONVERSION = YES;
				CLANG_WARN_COMMA = YES;
				CLANG_WARN_CONSTANT_CONVERSION = YES;
				CLANG_WARN_DEPRECATED_OBJC_IMPLEMENTATIONS = YES;
				CLANG_WARN_DIRECT_OBJC_ISA_USAGE = YES_ERROR;
				CLANG_WARN_DOCUMENTATION_COMMENTS = YES;
				CLANG_WARN_EMPTY_BODY = YES;
				CLANG_WARN_ENUM_CONVERSION = YES;
				CLANG_WARN_INFINITE_RECURSION = YES;
				CLANG_WARN_INT_CONVERSION = YES;
				CLANG_WARN_NON_LITERAL_NULL_CONVERSION = YES;
				CLANG_WARN_OBJC_IMPLICIT_RETAIN_SELF = YES;
				CLANG_WARN_OBJC_LITERAL_CONVERSION = YES;
				CLANG_WARN_OBJC_ROOT_CLASS = YES_ERROR;
				CLANG_WARN_QUOTED_INCLUDE_IN_FRAMEWORK_HEADER = YES;
				CLANG_WARN_RANGE_LOOP_ANALYSIS = YES;
				CLANG_WARN_STRICT_PROTOTYPES = YES;
				CLANG_WARN_SUSPICIOUS_MOVE = YES;
				CLANG_WARN_UNGUARDED_AVAILABILITY = YES_AGGRESSIVE;
				CLANG_WARN_UNREACHABLE_CODE = YES;
				CLANG_WARN__DUPLICATE_METHOD_MATCH = YES;
				COPY_PHASE_STRIP = NO;
				DEBUG_INFORMATION_FORMAT = "dwarf-with-dsym";
				ENABLE_NS_ASSERTIONS = NO;
				ENABLE_STRICT_OBJC_MSGSEND = YES;
				GCC_C_LANGUAGE_STANDARD = gnu11;
				GCC_NO_COMMON_BLOCKS = YES;
				GCC_WARN_64_TO_32_BIT_CONVERSION = YES;
				GCC_WARN_ABOUT_RETURN_TYPE = YES_ERROR;
				GCC_WARN_UNDECLARED_SELECTOR = YES;
				GCC_WARN_UNINITIALIZED_AUTOS = YES_AGGRESSIVE;
				GCC_WARN_UNUSED_FUNCTION = YES;
				GCC_WARN_UNUSED_VARIABLE = YES;
				IPHONEOS_DEPLOYMENT_TARGET = 13.0;
				MTL_ENABLE_DEBUG_INFO = NO;
				MTL_FAST_MATH = YES;
				SDKROOT = iphoneos;
				SWIFT_COMPILATION_MODE = wholemodule;
				SWIFT_OPTIMIZATION_LEVEL = "-O";
				VALIDATE_PRODUCT = YES;
			};
			name = Release;
		};
		F9FEEF1F27EC682F00DDCBF4 /* Debug */ = {
			isa = XCBuildConfiguration;
			buildSettings = {
				ASSETCATALOG_COMPILER_APPICON_NAME = AppIcon;
				ASSETCATALOG_COMPILER_GLOBAL_ACCENT_COLOR_NAME = AccentColor;
				CODE_SIGN_STYLE = Automatic;
				CURRENT_PROJECT_VERSION = 1;
				DEVELOPMENT_TEAM = T9G64ZZGC4;
				FRAMEWORK_SEARCH_PATHS = (
					"$(inherited)",
					"$(PROJECT_DIR)/AtomeExample",
				);
				GENERATE_INFOPLIST_FILE = YES;
				INFOPLIST_FILE = AtomeExample/Info.plist;
				INFOPLIST_KEY_UIApplicationSupportsIndirectInputEvents = YES;
				INFOPLIST_KEY_UILaunchStoryboardName = LaunchScreen;
				INFOPLIST_KEY_UIMainStoryboardFile = Main;
				INFOPLIST_KEY_UISupportedInterfaceOrientations_iPad = "UIInterfaceOrientationPortrait UIInterfaceOrientationPortraitUpsideDown UIInterfaceOrientationLandscapeLeft UIInterfaceOrientationLandscapeRight";
				INFOPLIST_KEY_UISupportedInterfaceOrientations_iPhone = "UIInterfaceOrientationPortrait UIInterfaceOrientationLandscapeLeft UIInterfaceOrientationLandscapeRight";
				IPHONEOS_DEPLOYMENT_TARGET = 13.0;
				LD_RUNPATH_SEARCH_PATHS = (
					"$(inherited)",
					"@executable_path/Frameworks",
				);
				MARKETING_VERSION = 1.0;
				PRODUCT_BUNDLE_IDENTIFIER = Cherri.AtomeExample;
				PRODUCT_NAME = "$(TARGET_NAME)";
				SWIFT_EMIT_LOC_STRINGS = YES;
				SWIFT_VERSION = 5.0;
				TARGETED_DEVICE_FAMILY = "1,2";
			};
			name = Debug;
		};
		F9FEEF2027EC682F00DDCBF4 /* Release */ = {
			isa = XCBuildConfiguration;
			buildSettings = {
				ASSETCATALOG_COMPILER_APPICON_NAME = AppIcon;
				ASSETCATALOG_COMPILER_GLOBAL_ACCENT_COLOR_NAME = AccentColor;
				CODE_SIGN_STYLE = Automatic;
				CURRENT_PROJECT_VERSION = 1;
				DEVELOPMENT_TEAM = T9G64ZZGC4;
				FRAMEWORK_SEARCH_PATHS = (
					"$(inherited)",
					"$(PROJECT_DIR)/AtomeExample",
				);
				GENERATE_INFOPLIST_FILE = YES;
				INFOPLIST_FILE = AtomeExample/Info.plist;
				INFOPLIST_KEY_UIApplicationSupportsIndirectInputEvents = YES;
				INFOPLIST_KEY_UILaunchStoryboardName = LaunchScreen;
				INFOPLIST_KEY_UIMainStoryboardFile = Main;
				INFOPLIST_KEY_UISupportedInterfaceOrientations_iPad = "UIInterfaceOrientationPortrait UIInterfaceOrientationPortraitUpsideDown UIInterfaceOrientationLandscapeLeft UIInterfaceOrientationLandscapeRight";
				INFOPLIST_KEY_UISupportedInterfaceOrientations_iPhone = "UIInterfaceOrientationPortrait UIInterfaceOrientationLandscapeLeft UIInterfaceOrientationLandscapeRight";
				IPHONEOS_DEPLOYMENT_TARGET = 13.0;
				LD_RUNPATH_SEARCH_PATHS = (
					"$(inherited)",
					"@executable_path/Frameworks",
				);
				MARKETING_VERSION = 1.0;
				PRODUCT_BUNDLE_IDENTIFIER = Cherri.AtomeExample;
				PRODUCT_NAME = "$(TARGET_NAME)";
				SWIFT_EMIT_LOC_STRINGS = YES;
				SWIFT_VERSION = 5.0;
				TARGETED_DEVICE_FAMILY = "1,2";
			};
			name = Release;
		};
/* End XCBuildConfiguration section */

/* Begin XCConfigurationList section */
		F9FEEF0527EC682A00DDCBF4 /* Build configuration list for PBXProject "AtomeExample" */ = {
			isa = XCConfigurationList;
			buildConfigurations = (
				F9FEEF1C27EC682F00DDCBF4 /* Debug */,
				F9FEEF1D27EC682F00DDCBF4 /* Release */,
			);
			defaultConfigurationIsVisible = 0;
			defaultConfigurationName = Release;
		};
		F9FEEF1E27EC682F00DDCBF4 /* Build configuration list for PBXNativeTarget "AtomeExample" */ = {
			isa = XCConfigurationList;
			buildConfigurations = (
				F9FEEF1F27EC682F00DDCBF4 /* Debug */,
				F9FEEF2027EC682F00DDCBF4 /* Release */,
			);
			defaultConfigurationIsVisible = 0;
			defaultConfigurationName = Release;
		};
/* End XCConfigurationList section */
	};
	rootObject = F9FEEF0227EC682A00DDCBF4 /* Project object */;
}
