// !$*UTF8*$!
{
	archiveVersion = 1;
	classes = {
	};
	objectVersion = 50;
	objects = {

/* Begin PBXBuildFile section */
		F938C8232563B63B0063460C /* AppDelegate.swift in Sources */ = {isa = PBXBuildFile; fileRef = F938C8222563B63B0063460C /* AppDelegate.swift */; };
		F938C8252563B63B0063460C /* SceneDelegate.swift in Sources */ = {isa = PBXBuildFile; fileRef = F938C8242563B63B0063460C /* SceneDelegate.swift */; };
		F938C8272563B63B0063460C /* ViewController.swift in Sources */ = {isa = PBXBuildFile; fileRef = F938C8262563B63B0063460C /* ViewController.swift */; };
		F938C82A2563B63B0063460C /* Main.storyboard in Resources */ = {isa = PBXBuildFile; fileRef = F938C8282563B63B0063460C /* Main.storyboard */; };
		F938C82C2563B63C0063460C /* Assets.xcassets in Resources */ = {isa = PBXBuildFile; fileRef = F938C82B2563B63C0063460C /* Assets.xcassets */; };
		F938C82F2563B63C0063460C /* LaunchScreen.storyboard in Resources */ = {isa = PBXBuildFile; fileRef = F938C82D2563B63C0063460C /* LaunchScreen.storyboard */; };
		F938C83E2563BA910063460C /* TPDirect.framework in Frameworks */ = {isa = PBXBuildFile; fileRef = F938C8392563B8040063460C /* TPDirect.framework */; };
		F938C8442563BAA40063460C /* WebKit.framework in Frameworks */ = {isa = PBXBuildFile; fileRef = F938C8432563BAA40063460C /* WebKit.framework */; };
/* End PBXBuildFile section */

/* Begin PBXFileReference section */
		F938C81F2563B63B0063460C /* EasyWalletExample.app */ = {isa = PBXFileReference; explicitFileType = wrapper.application; includeInIndex = 0; path = EasyWalletExample.app; sourceTree = BUILT_PRODUCTS_DIR; };
		F938C8222563B63B0063460C /* AppDelegate.swift */ = {isa = PBXFileReference; lastKnownFileType = sourcecode.swift; path = AppDelegate.swift; sourceTree = "<group>"; };
		F938C8242563B63B0063460C /* SceneDelegate.swift */ = {isa = PBXFileReference; lastKnownFileType = sourcecode.swift; path = SceneDelegate.swift; sourceTree = "<group>"; };
		F938C8262563B63B0063460C /* ViewController.swift */ = {isa = PBXFileReference; lastKnownFileType = sourcecode.swift; path = ViewController.swift; sourceTree = "<group>"; };
		F938C8292563B63B0063460C /* Base */ = {isa = PBXFileReference; lastKnownFileType = file.storyboard; name = Base; path = Base.lproj/Main.storyboard; sourceTree = "<group>"; };
		F938C82B2563B63C0063460C /* Assets.xcassets */ = {isa = PBXFileReference; lastKnownFileType = folder.assetcatalog; path = Assets.xcassets; sourceTree = "<group>"; };
		F938C82E2563B63C0063460C /* Base */ = {isa = PBXFileReference; lastKnownFileType = file.storyboard; name = Base; path = Base.lproj/LaunchScreen.storyboard; sourceTree = "<group>"; };
		F938C8302563B63C0063460C /* Info.plist */ = {isa = PBXFileReference; lastKnownFileType = text.plist.xml; path = Info.plist; sourceTree = "<group>"; };
		F938C8392563B8040063460C /* TPDirect.framework */ = {isa = PBXFileReference; lastKnownFileType = wrapper.framework; path = TPDirect.framework; sourceTree = "<group>"; };
		F938C83C2563B86F0063460C /* EasyWalletExample_Bridging_header.h */ = {isa = PBXFileReference; lastKnownFileType = sourcecode.c.h; path = EasyWalletExample_Bridging_header.h; sourceTree = "<group>"; };
		F938C8432563BAA40063460C /* WebKit.framework */ = {isa = PBXFileReference; lastKnownFileType = wrapper.framework; name = WebKit.framework; path = System/Library/Frameworks/WebKit.framework; sourceTree = SDKROOT; };
		F9A913C62566F265004154B4 /* EasyWalletExample.entitlements */ = {isa = PBXFileReference; lastKnownFileType = text.plist.entitlements; path = EasyWalletExample.entitlements; sourceTree = "<group>"; };
/* End PBXFileReference section */

/* Begin PBXFrameworksBuildPhase section */
		F938C81C2563B63B0063460C /* Frameworks */ = {
			isa = PBXFrameworksBuildPhase;
			buildActionMask = 2147483647;
			files = (
				F938C8442563BAA40063460C /* WebKit.framework in Frameworks */,
				F938C83E2563BA910063460C /* TPDirect.framework in Frameworks */,
			);
			runOnlyForDeploymentPostprocessing = 0;
		};
/* End PBXFrameworksBuildPhase section */

/* Begin PBXGroup section */
		F938C8162563B63B0063460C = {
			isa = PBXGroup;
			children = (
				F938C8212563B63B0063460C /* EasyWalletExample */,
				F938C8202563B63B0063460C /* Products */,
				F938C8422563BAA40063460C /* Frameworks */,
			);
			sourceTree = "<group>";
		};
		F938C8202563B63B0063460C /* Products */ = {
			isa = PBXGroup;
			children = (
				F938C81F2563B63B0063460C /* EasyWalletExample.app */,
			);
			name = Products;
			sourceTree = "<group>";
		};
		F938C8212563B63B0063460C /* EasyWalletExample */ = {
			isa = PBXGroup;
			children = (
				F9A913C62566F265004154B4 /* EasyWalletExample.entitlements */,
				F938C8222563B63B0063460C /* AppDelegate.swift */,
				F938C8242563B63B0063460C /* SceneDelegate.swift */,
				F938C8262563B63B0063460C /* ViewController.swift */,
				F938C8282563B63B0063460C /* Main.storyboard */,
				F938C82B2563B63C0063460C /* Assets.xcassets */,
				F938C82D2563B63C0063460C /* LaunchScreen.storyboard */,
				F938C8302563B63C0063460C /* Info.plist */,
				F938C8392563B8040063460C /* TPDirect.framework */,
				F938C83C2563B86F0063460C /* EasyWalletExample_Bridging_header.h */,
			);
			path = EasyWalletExample;
			sourceTree = "<group>";
		};
		F938C8422563BAA40063460C /* Frameworks */ = {
			isa = PBXGroup;
			children = (
				F938C8432563BAA40063460C /* WebKit.framework */,
			);
			name = Frameworks;
			sourceTree = "<group>";
		};
/* End PBXGroup section */

/* Begin PBXNativeTarget section */
		F938C81E2563B63B0063460C /* EasyWalletExample */ = {
			isa = PBXNativeTarget;
			buildConfigurationList = F938C8332563B63C0063460C /* Build configuration list for PBXNativeTarget "EasyWalletExample" */;
			buildPhases = (
				F938C81B2563B63B0063460C /* Sources */,
				F938C81C2563B63B0063460C /* Frameworks */,
				F938C81D2563B63B0063460C /* Resources */,
			);
			buildRules = (
			);
			dependencies = (
			);
			name = EasyWalletExample;
			productName = EasyWalletExample;
			productReference = F938C81F2563B63B0063460C /* EasyWalletExample.app */;
			productType = "com.apple.product-type.application";
		};
/* End PBXNativeTarget section */

/* Begin PBXProject section */
		F938C8172563B63B0063460C /* Project object */ = {
			isa = PBXProject;
			attributes = {
				LastSwiftUpdateCheck = 1200;
				LastUpgradeCheck = 1200;
				TargetAttributes = {
					F938C81E2563B63B0063460C = {
						CreatedOnToolsVersion = 12.0.1;
					};
				};
			};
			buildConfigurationList = F938C81A2563B63B0063460C /* Build configuration list for PBXProject "EasyWalletExample" */;
			compatibilityVersion = "Xcode 9.3";
			developmentRegion = en;
			hasScannedForEncodings = 0;
			knownRegions = (
				en,
				Base,
			);
			mainGroup = F938C8162563B63B0063460C;
			productRefGroup = F938C8202563B63B0063460C /* Products */;
			projectDirPath = "";
			projectRoot = "";
			targets = (
				F938C81E2563B63B0063460C /* EasyWalletExample */,
			);
		};
/* End PBXProject section */

/* Begin PBXResourcesBuildPhase section */
		F938C81D2563B63B0063460C /* Resources */ = {
			isa = PBXResourcesBuildPhase;
			buildActionMask = 2147483647;
			files = (
				F938C82F2563B63C0063460C /* LaunchScreen.storyboard in Resources */,
				F938C82C2563B63C0063460C /* Assets.xcassets in Resources */,
				F938C82A2563B63B0063460C /* Main.storyboard in Resources */,
			);
			runOnlyForDeploymentPostprocessing = 0;
		};
/* End PBXResourcesBuildPhase section */

/* Begin PBXSourcesBuildPhase section */
		F938C81B2563B63B0063460C /* Sources */ = {
			isa = PBXSourcesBuildPhase;
			buildActionMask = 2147483647;
			files = (
				F938C8272563B63B0063460C /* ViewController.swift in Sources */,
				F938C8232563B63B0063460C /* AppDelegate.swift in Sources */,
				F938C8252563B63B0063460C /* SceneDelegate.swift in Sources */,
			);
			runOnlyForDeploymentPostprocessing = 0;
		};
/* End PBXSourcesBuildPhase section */

/* Begin PBXVariantGroup section */
		F938C8282563B63B0063460C /* Main.storyboard */ = {
			isa = PBXVariantGroup;
			children = (
				F938C8292563B63B0063460C /* Base */,
			);
			name = Main.storyboard;
			sourceTree = "<group>";
		};
		F938C82D2563B63C0063460C /* LaunchScreen.storyboard */ = {
			isa = PBXVariantGroup;
			children = (
				F938C82E2563B63C0063460C /* Base */,
			);
			name = LaunchScreen.storyboard;
			sourceTree = "<group>";
		};
/* End PBXVariantGroup section */

/* Begin XCBuildConfiguration section */
		F938C8312563B63C0063460C /* Debug */ = {
			isa = XCBuildConfiguration;
			buildSettings = {
				ALWAYS_SEARCH_USER_PATHS = NO;
				CLANG_ANALYZER_NONNULL = YES;
				CLANG_ANALYZER_NUMBER_OBJECT_CONVERSION = YES_AGGRESSIVE;
				CLANG_CXX_LANGUAGE_STANDARD = "gnu++14";
				CLANG_CXX_LIBRARY = "libc++";
				CLANG_ENABLE_MODULES = YES;
				CLANG_ENABLE_OBJC_ARC = YES;
				CLANG_ENABLE_OBJC_WEAK = YES;
				CLANG_WARN_BLOCK_CAPTURE_AUTORELEASING = YES;
				CLANG_WARN_BOOL_CONVERSION = YES;
				CLANG_WARN_COMMA = YES;
				CLANG_WARN_CONSTANT_CONVERSION = YES;
				CLANG_WARN_DEPRECATED_OBJC_IMPLEMENTATIONS = YES;
				CLANG_WARN_DIRECT_OBJC_ISA_USAGE = YES_ERROR;
				CLANG_WARN_DOCUMENTATION_COMMENTS = YES;
				CLANG_WARN_EMPTY_BODY = YES;
				CLANG_WARN_ENUM_CONVERSION = YES;
				CLANG_WARN_INFINITE_RECURSION = YES;
				CLANG_WARN_INT_CONVERSION = YES;
				CLANG_WARN_NON_LITERAL_NULL_CONVERSION = YES;
				CLANG_WARN_OBJC_IMPLICIT_RETAIN_SELF = YES;
				CLANG_WARN_OBJC_LITERAL_CONVERSION = YES;
				CLANG_WARN_OBJC_ROOT_CLASS = YES_ERROR;
				CLANG_WARN_QUOTED_INCLUDE_IN_FRAMEWORK_HEADER = YES;
				CLANG_WARN_RANGE_LOOP_ANALYSIS = YES;
				CLANG_WARN_STRICT_PROTOTYPES = YES;
				CLANG_WARN_SUSPICIOUS_MOVE = YES;
				CLANG_WARN_UNGUARDED_AVAILABILITY = YES_AGGRESSIVE;
				CLANG_WARN_UNREACHABLE_CODE = YES;
				CLANG_WARN__DUPLICATE_METHOD_MATCH = YES;
				COPY_PHASE_STRIP = NO;
				DEBUG_INFORMATION_FORMAT = dwarf;
				ENABLE_STRICT_OBJC_MSGSEND = YES;
				ENABLE_TESTABILITY = YES;
				GCC_C_LANGUAGE_STANDARD = gnu11;
				GCC_DYNAMIC_NO_PIC = NO;
				GCC_NO_COMMON_BLOCKS = YES;
				GCC_OPTIMIZATION_LEVEL = 0;
				GCC_PREPROCESSOR_DEFINITIONS = (
					"DEBUG=1",
					"$(inherited)",
				);
				GCC_WARN_64_TO_32_BIT_CONVERSION = YES;
				GCC_WARN_ABOUT_RETURN_TYPE = YES_ERROR;
				GCC_WARN_UNDECLARED_SELECTOR = YES;
				GCC_WARN_UNINITIALIZED_AUTOS = YES_AGGRESSIVE;
				GCC_WARN_UNUSED_FUNCTION = YES;
				GCC_WARN_UNUSED_VARIABLE = YES;
				IPHONEOS_DEPLOYMENT_TARGET = 14.0;
				MTL_ENABLE_DEBUG_INFO = INCLUDE_SOURCE;
				MTL_FAST_MATH = YES;
				ONLY_ACTIVE_ARCH = YES;
				SDKROOT = iphoneos;
				SWIFT_ACTIVE_COMPILATION_CONDITIONS = DEBUG;
				SWIFT_OPTIMIZATION_LEVEL = "-Onone";
			};
			name = Debug;
		};
		F938C8322563B63C0063460C /* Release */ = {
			isa = XCBuildConfiguration;
			buildSettings = {
				ALWAYS_SEARCH_USER_PATHS = NO;
				CLANG_ANALYZER_NONNULL = YES;
				CLANG_ANALYZER_NUMBER_OBJECT_CONVERSION = YES_AGGRESSIVE;
				CLANG_CXX_LANGUAGE_STANDARD = "gnu++14";
				CLANG_CXX_LIBRARY = "libc++";
				CLANG_ENABLE_MODULES = YES;
				CLANG_ENABLE_OBJC_ARC = YES;
				CLANG_ENABLE_OBJC_WEAK = YES;
				CLANG_WARN_BLOCK_CAPTURE_AUTORELEASING = YES;
				CLANG_WARN_BOOL_CONVERSION = YES;
				CLANG_WARN_COMMA = YES;
				CLANG_WARN_CONSTANT_CONVERSION = YES;
				CLANG_WARN_DEPRECATED_OBJC_IMPLEMENTATIONS = YES;
				CLANG_WARN_DIRECT_OBJC_ISA_USAGE = YES_ERROR;
				CLANG_WARN_DOCUMENTATION_COMMENTS = YES;
				CLANG_WARN_EMPTY_BODY = YES;
				CLANG_WARN_ENUM_CONVERSION = YES;
				CLANG_WARN_INFINITE_RECURSION = YES;
				CLANG_WARN_INT_CONVERSION = YES;
				CLANG_WARN_NON_LITERAL_NULL_CONVERSION = YES;
				CLANG_WARN_OBJC_IMPLICIT_RETAIN_SELF = YES;
				CLANG_WARN_OBJC_LITERAL_CONVERSION = YES;
				CLANG_WARN_OBJC_ROOT_CLASS = YES_ERROR;
				CLANG_WARN_QUOTED_INCLUDE_IN_FRAMEWORK_HEADER = YES;
				CLANG_WARN_RANGE_LOOP_ANALYSIS = YES;
				CLANG_WARN_STRICT_PROTOTYPES = YES;
				CLANG_WARN_SUSPICIOUS_MOVE = YES;
				CLANG_WARN_UNGUARDED_AVAILABILITY = YES_AGGRESSIVE;
				CLANG_WARN_UNREACHABLE_CODE = YES;
				CLANG_WARN__DUPLICATE_METHOD_MATCH = YES;
				COPY_PHASE_STRIP = NO;
				DEBUG_INFORMATION_FORMAT = "dwarf-with-dsym";
				ENABLE_NS_ASSERTIONS = NO;
				ENABLE_STRICT_OBJC_MSGSEND = YES;
				GCC_C_LANGUAGE_STANDARD = gnu11;
				GCC_NO_COMMON_BLOCKS = YES;
				GCC_WARN_64_TO_32_BIT_CONVERSION = YES;
				GCC_WARN_ABOUT_RETURN_TYPE = YES_ERROR;
				GCC_WARN_UNDECLARED_SELECTOR = YES;
				GCC_WARN_UNINITIALIZED_AUTOS = YES_AGGRESSIVE;
				GCC_WARN_UNUSED_FUNCTION = YES;
				GCC_WARN_UNUSED_VARIABLE = YES;
				IPHONEOS_DEPLOYMENT_TARGET = 14.0;
				MTL_ENABLE_DEBUG_INFO = NO;
				MTL_FAST_MATH = YES;
				SDKROOT = iphoneos;
				SWIFT_COMPILATION_MODE = wholemodule;
				SWIFT_OPTIMIZATION_LEVEL = "-O";
				VALIDATE_PRODUCT = YES;
			};
			name = Release;
		};
		F938C8342563B63C0063460C /* Debug */ = {
			isa = XCBuildConfiguration;
			buildSettings = {
				ASSETCATALOG_COMPILER_APPICON_NAME = AppIcon;
				ASSETCATALOG_COMPILER_GLOBAL_ACCENT_COLOR_NAME = AccentColor;
				CODE_SIGN_ENTITLEMENTS = EasyWalletExample/EasyWalletExample.entitlements;
				CODE_SIGN_STYLE = Automatic;
				DEVELOPMENT_TEAM = T9G64ZZGC4;
				FRAMEWORK_SEARCH_PATHS = (
					"$(inherited)",
					"$(PROJECT_DIR)/EasyWalletExample",
				);
				INFOPLIST_FILE = EasyWalletExample/Info.plist;
				LD_RUNPATH_SEARCH_PATHS = (
					"$(inherited)",
					"@executable_path/Frameworks",
				);
				PRODUCT_BUNDLE_IDENTIFIER = Cherri.EasyWalletExample;
				PRODUCT_NAME = "$(TARGET_NAME)";
				SWIFT_VERSION = 5.0;
				TARGETED_DEVICE_FAMILY = "1,2";
			};
			name = Debug;
		};
		F938C8352563B63C0063460C /* Release */ = {
			isa = XCBuildConfiguration;
			buildSettings = {
				ASSETCATALOG_COMPILER_APPICON_NAME = AppIcon;
				ASSETCATALOG_COMPILER_GLOBAL_ACCENT_COLOR_NAME = AccentColor;
				CODE_SIGN_ENTITLEMENTS = EasyWalletExample/EasyWalletExample.entitlements;
				CODE_SIGN_STYLE = Automatic;
				DEVELOPMENT_TEAM = T9G64ZZGC4;
				FRAMEWORK_SEARCH_PATHS = (
					"$(inherited)",
					"$(PROJECT_DIR)/EasyWalletExample",
				);
				INFOPLIST_FILE = EasyWalletExample/Info.plist;
				LD_RUNPATH_SEARCH_PATHS = (
					"$(inherited)",
					"@executable_path/Frameworks",
				);
				PRODUCT_BUNDLE_IDENTIFIER = Cherri.EasyWalletExample;
				PRODUCT_NAME = "$(TARGET_NAME)";
				SWIFT_VERSION = 5.0;
				TARGETED_DEVICE_FAMILY = "1,2";
			};
			name = Release;
		};
/* End XCBuildConfiguration section */

/* Begin XCConfigurationList section */
		F938C81A2563B63B0063460C /* Build configuration list for PBXProject "EasyWalletExample" */ = {
			isa = XCConfigurationList;
			buildConfigurations = (
				F938C8312563B63C0063460C /* Debug */,
				F938C8322563B63C0063460C /* Release */,
			);
			defaultConfigurationIsVisible = 0;
			defaultConfigurationName = Release;
		};
		F938C8332563B63C0063460C /* Build configuration list for PBXNativeTarget "EasyWalletExample" */ = {
			isa = XCConfigurationList;
			buildConfigurations = (
				F938C8342563B63C0063460C /* Debug */,
				F938C8352563B63C0063460C /* Release */,
			);
			defaultConfigurationIsVisible = 0;
			defaultConfigurationName = Release;
		};
/* End XCConfigurationList section */
	};
	rootObject = F938C8172563B63B0063460C /* Project object */;
}
