// !$*UTF8*$!
{
	archiveVersion = 1;
	classes = {
	};
	objectVersion = 52;
	objects = {

/* Begin PBXBuildFile section */
		0E091238295C4FC4006A0CAB /* TPDirect.xcframework in Frameworks */ = {isa = PBXBuildFile; fileRef = 0E091237295C4FC4006A0CAB /* TPDirect.xcframework */; };
		7E4E854D1FAC44D900BD1288 /* AppDelegate.m in Sources */ = {isa = PBXBuildFile; fileRef = 7E4E854C1FAC44D900BD1288 /* AppDelegate.m */; };
		7E4E85501FAC44D900BD1288 /* ViewController.m in Sources */ = {isa = PBXBuildFile; fileRef = 7E4E854F1FAC44D900BD1288 /* ViewController.m */; };
		7E4E85531FAC44D900BD1288 /* Main.storyboard in Resources */ = {isa = PBXBuildFile; fileRef = 7E4E85511FAC44D900BD1288 /* Main.storyboard */; };
		7E4E85551FAC44D900BD1288 /* Assets.xcassets in Resources */ = {isa = PBXBuildFile; fileRef = 7E4E85541FAC44D900BD1288 /* Assets.xcassets */; };
		7E4E85581FAC44D900BD1288 /* LaunchScreen.storyboard in Resources */ = {isa = PBXBuildFile; fileRef = 7E4E85561FAC44D900BD1288 /* LaunchScreen.storyboard */; };
		7E4E855B1FAC44D900BD1288 /* main.m in Sources */ = {isa = PBXBuildFile; fileRef = 7E4E855A1FAC44D900BD1288 /* main.m */; };
		7E4E85741FAC451C00BD1288 /* card_amex.png in Resources */ = {isa = PBXBuildFile; fileRef = 7E4E85641FAC451C00BD1288 /* card_amex.png */; };
		7E4E85751FAC451C00BD1288 /* card_amex@2x.png in Resources */ = {isa = PBXBuildFile; fileRef = 7E4E85651FAC451C00BD1288 /* card_amex@2x.png */; };
		7E4E85761FAC451C00BD1288 /* card_amex@3x.png in Resources */ = {isa = PBXBuildFile; fileRef = 7E4E85661FAC451C00BD1288 /* card_amex@3x.png */; };
		7E4E85771FAC451C00BD1288 /* card_jcb.png in Resources */ = {isa = PBXBuildFile; fileRef = 7E4E85671FAC451C00BD1288 /* card_jcb.png */; };
		7E4E85781FAC451C00BD1288 /* card_jcb@2x.png in Resources */ = {isa = PBXBuildFile; fileRef = 7E4E85681FAC451C00BD1288 /* card_jcb@2x.png */; };
		7E4E85791FAC451C00BD1288 /* card_jcb@3x.png in Resources */ = {isa = PBXBuildFile; fileRef = 7E4E85691FAC451C00BD1288 /* card_jcb@3x.png */; };
		7E4E857A1FAC451C00BD1288 /* card_mastercard.png in Resources */ = {isa = PBXBuildFile; fileRef = 7E4E856A1FAC451C00BD1288 /* card_mastercard.png */; };
		7E4E857B1FAC451C00BD1288 /* card_mastercard@2x.png in Resources */ = {isa = PBXBuildFile; fileRef = 7E4E856B1FAC451C00BD1288 /* card_mastercard@2x.png */; };
		7E4E857C1FAC451C00BD1288 /* card_mastercard@3x.png in Resources */ = {isa = PBXBuildFile; fileRef = 7E4E856C1FAC451C00BD1288 /* card_mastercard@3x.png */; };
		7E4E857D1FAC451C00BD1288 /* card_unknown.png in Resources */ = {isa = PBXBuildFile; fileRef = 7E4E856D1FAC451C00BD1288 /* card_unknown.png */; };
		7E4E857E1FAC451C00BD1288 /* card_unknown@2x.png in Resources */ = {isa = PBXBuildFile; fileRef = 7E4E856E1FAC451C00BD1288 /* card_unknown@2x.png */; };
		7E4E857F1FAC451C00BD1288 /* card_unknown@3x.png in Resources */ = {isa = PBXBuildFile; fileRef = 7E4E856F1FAC451C00BD1288 /* card_unknown@3x.png */; };
		7E4E85801FAC451C00BD1288 /* card_visa.png in Resources */ = {isa = PBXBuildFile; fileRef = 7E4E85701FAC451C00BD1288 /* card_visa.png */; };
		7E4E85811FAC451C00BD1288 /* card_visa@2x.png in Resources */ = {isa = PBXBuildFile; fileRef = 7E4E85711FAC451C00BD1288 /* card_visa@2x.png */; };
		7E4E85821FAC451C00BD1288 /* card_visa@3x.png in Resources */ = {isa = PBXBuildFile; fileRef = 7E4E85721FAC451C00BD1288 /* card_visa@3x.png */; };
/* End PBXBuildFile section */

/* Begin PBXFileReference section */
		0E091237295C4FC4006A0CAB /* TPDirect.xcframework */ = {isa = PBXFileReference; lastKnownFileType = wrapper.xcframework; name = TPDirect.xcframework; path = TPDirect_Example/TPDirect.xcframework; sourceTree = "<group>"; };
		7E4E85481FAC44D900BD1288 /* TPDirect_Example.app */ = {isa = PBXFileReference; explicitFileType = wrapper.application; includeInIndex = 0; path = TPDirect_Example.app; sourceTree = BUILT_PRODUCTS_DIR; };
		7E4E854B1FAC44D900BD1288 /* AppDelegate.h */ = {isa = PBXFileReference; lastKnownFileType = sourcecode.c.h; path = AppDelegate.h; sourceTree = "<group>"; };
		7E4E854C1FAC44D900BD1288 /* AppDelegate.m */ = {isa = PBXFileReference; lastKnownFileType = sourcecode.c.objc; path = AppDelegate.m; sourceTree = "<group>"; };
		7E4E854E1FAC44D900BD1288 /* ViewController.h */ = {isa = PBXFileReference; lastKnownFileType = sourcecode.c.h; path = ViewController.h; sourceTree = "<group>"; };
		7E4E854F1FAC44D900BD1288 /* ViewController.m */ = {isa = PBXFileReference; lastKnownFileType = sourcecode.c.objc; path = ViewController.m; sourceTree = "<group>"; };
		7E4E85521FAC44D900BD1288 /* Base */ = {isa = PBXFileReference; lastKnownFileType = file.storyboard; name = Base; path = Base.lproj/Main.storyboard; sourceTree = "<group>"; };
		7E4E85541FAC44D900BD1288 /* Assets.xcassets */ = {isa = PBXFileReference; lastKnownFileType = folder.assetcatalog; path = Assets.xcassets; sourceTree = "<group>"; };
		7E4E85571FAC44D900BD1288 /* Base */ = {isa = PBXFileReference; lastKnownFileType = file.storyboard; name = Base; path = Base.lproj/LaunchScreen.storyboard; sourceTree = "<group>"; };
		7E4E85591FAC44D900BD1288 /* Info.plist */ = {isa = PBXFileReference; lastKnownFileType = text.plist.xml; path = Info.plist; sourceTree = "<group>"; };
		7E4E855A1FAC44D900BD1288 /* main.m */ = {isa = PBXFileReference; lastKnownFileType = sourcecode.c.objc; path = main.m; sourceTree = "<group>"; };
		7E4E85641FAC451C00BD1288 /* card_amex.png */ = {isa = PBXFileReference; lastKnownFileType = image.png; path = card_amex.png; sourceTree = "<group>"; };
		7E4E85651FAC451C00BD1288 /* card_amex@2x.png */ = {isa = PBXFileReference; lastKnownFileType = image.png; path = "card_amex@2x.png"; sourceTree = "<group>"; };
		7E4E85661FAC451C00BD1288 /* card_amex@3x.png */ = {isa = PBXFileReference; lastKnownFileType = image.png; path = "card_amex@3x.png"; sourceTree = "<group>"; };
		7E4E85671FAC451C00BD1288 /* card_jcb.png */ = {isa = PBXFileReference; lastKnownFileType = image.png; path = card_jcb.png; sourceTree = "<group>"; };
		7E4E85681FAC451C00BD1288 /* card_jcb@2x.png */ = {isa = PBXFileReference; lastKnownFileType = image.png; path = "card_jcb@2x.png"; sourceTree = "<group>"; };
		7E4E85691FAC451C00BD1288 /* card_jcb@3x.png */ = {isa = PBXFileReference; lastKnownFileType = image.png; path = "card_jcb@3x.png"; sourceTree = "<group>"; };
		7E4E856A1FAC451C00BD1288 /* card_mastercard.png */ = {isa = PBXFileReference; lastKnownFileType = image.png; path = card_mastercard.png; sourceTree = "<group>"; };
		7E4E856B1FAC451C00BD1288 /* card_mastercard@2x.png */ = {isa = PBXFileReference; lastKnownFileType = image.png; path = "card_mastercard@2x.png"; sourceTree = "<group>"; };
		7E4E856C1FAC451C00BD1288 /* card_mastercard@3x.png */ = {isa = PBXFileReference; lastKnownFileType = image.png; path = "card_mastercard@3x.png"; sourceTree = "<group>"; };
		7E4E856D1FAC451C00BD1288 /* card_unknown.png */ = {isa = PBXFileReference; lastKnownFileType = image.png; path = card_unknown.png; sourceTree = "<group>"; };
		7E4E856E1FAC451C00BD1288 /* card_unknown@2x.png */ = {isa = PBXFileReference; lastKnownFileType = image.png; path = "card_unknown@2x.png"; sourceTree = "<group>"; };
		7E4E856F1FAC451C00BD1288 /* card_unknown@3x.png */ = {isa = PBXFileReference; lastKnownFileType = image.png; path = "card_unknown@3x.png"; sourceTree = "<group>"; };
		7E4E85701FAC451C00BD1288 /* card_visa.png */ = {isa = PBXFileReference; lastKnownFileType = image.png; path = card_visa.png; sourceTree = "<group>"; };
		7E4E85711FAC451C00BD1288 /* card_visa@2x.png */ = {isa = PBXFileReference; lastKnownFileType = image.png; path = "card_visa@2x.png"; sourceTree = "<group>"; };
		7E4E85721FAC451C00BD1288 /* card_visa@3x.png */ = {isa = PBXFileReference; lastKnownFileType = image.png; path = "card_visa@3x.png"; sourceTree = "<group>"; };
/* End PBXFileReference section */

/* Begin PBXFrameworksBuildPhase section */
		7E4E85451FAC44D900BD1288 /* Frameworks */ = {
			isa = PBXFrameworksBuildPhase;
			buildActionMask = 2147483647;
			files = (
				0E091238295C4FC4006A0CAB /* TPDirect.xcframework in Frameworks */,
			);
			runOnlyForDeploymentPostprocessing = 0;
		};
/* End PBXFrameworksBuildPhase section */

/* Begin PBXGroup section */
		0E091236295C4FC4006A0CAB /* Frameworks */ = {
			isa = PBXGroup;
			children = (
				0E091237295C4FC4006A0CAB /* TPDirect.xcframework */,
			);
			name = Frameworks;
			sourceTree = "<group>";
		};
		7E4E853F1FAC44D900BD1288 = {
			isa = PBXGroup;
			children = (
				7E4E854A1FAC44D900BD1288 /* TPDirect_Example */,
				7E4E85491FAC44D900BD1288 /* Products */,
				0E091236295C4FC4006A0CAB /* Frameworks */,
			);
			sourceTree = "<group>";
		};
		7E4E85491FAC44D900BD1288 /* Products */ = {
			isa = PBXGroup;
			children = (
				7E4E85481FAC44D900BD1288 /* TPDirect_Example.app */,
			);
			name = Products;
			sourceTree = "<group>";
		};
		7E4E854A1FAC44D900BD1288 /* TPDirect_Example */ = {
			isa = PBXGroup;
			children = (
				7E4E854B1FAC44D900BD1288 /* AppDelegate.h */,
				7E4E854C1FAC44D900BD1288 /* AppDelegate.m */,
				7E4E854E1FAC44D900BD1288 /* ViewController.h */,
				7E4E854F1FAC44D900BD1288 /* ViewController.m */,
				7E4E85511FAC44D900BD1288 /* Main.storyboard */,
				7E4E85541FAC44D900BD1288 /* Assets.xcassets */,
				7E4E85561FAC44D900BD1288 /* LaunchScreen.storyboard */,
				7E4E85591FAC44D900BD1288 /* Info.plist */,
				7E4E855A1FAC44D900BD1288 /* main.m */,
				7E4E85621FAC451C00BD1288 /* TPDirectResource */,
			);
			path = TPDirect_Example;
			sourceTree = "<group>";
		};
		7E4E85621FAC451C00BD1288 /* TPDirectResource */ = {
			isa = PBXGroup;
			children = (
				7E4E85631FAC451C00BD1288 /* Image */,
			);
			path = TPDirectResource;
			sourceTree = "<group>";
		};
		7E4E85631FAC451C00BD1288 /* Image */ = {
			isa = PBXGroup;
			children = (
				7E4E85641FAC451C00BD1288 /* card_amex.png */,
				7E4E85651FAC451C00BD1288 /* card_amex@2x.png */,
				7E4E85661FAC451C00BD1288 /* card_amex@3x.png */,
				7E4E85671FAC451C00BD1288 /* card_jcb.png */,
				7E4E85681FAC451C00BD1288 /* card_jcb@2x.png */,
				7E4E85691FAC451C00BD1288 /* card_jcb@3x.png */,
				7E4E856A1FAC451C00BD1288 /* card_mastercard.png */,
				7E4E856B1FAC451C00BD1288 /* card_mastercard@2x.png */,
				7E4E856C1FAC451C00BD1288 /* card_mastercard@3x.png */,
				7E4E856D1FAC451C00BD1288 /* card_unknown.png */,
				7E4E856E1FAC451C00BD1288 /* card_unknown@2x.png */,
				7E4E856F1FAC451C00BD1288 /* card_unknown@3x.png */,
				7E4E85701FAC451C00BD1288 /* card_visa.png */,
				7E4E85711FAC451C00BD1288 /* card_visa@2x.png */,
				7E4E85721FAC451C00BD1288 /* card_visa@3x.png */,
			);
			path = Image;
			sourceTree = "<group>";
		};
/* End PBXGroup section */

/* Begin PBXNativeTarget section */
		7E4E85471FAC44D900BD1288 /* TPDirect_Example */ = {
			isa = PBXNativeTarget;
			buildConfigurationList = 7E4E855E1FAC44D900BD1288 /* Build configuration list for PBXNativeTarget "TPDirect_Example" */;
			buildPhases = (
				7E4E85441FAC44D900BD1288 /* Sources */,
				7E4E85451FAC44D900BD1288 /* Frameworks */,
				7E4E85461FAC44D900BD1288 /* Resources */,
			);
			buildRules = (
			);
			dependencies = (
			);
			name = TPDirect_Example;
			productName = TPDirect_Example;
			productReference = 7E4E85481FAC44D900BD1288 /* TPDirect_Example.app */;
			productType = "com.apple.product-type.application";
		};
/* End PBXNativeTarget section */

/* Begin PBXProject section */
		7E4E85401FAC44D900BD1288 /* Project object */ = {
			isa = PBXProject;
			attributes = {
				LastUpgradeCheck = 0900;
				ORGANIZATIONNAME = "Cherri Tech Inc.";
				TargetAttributes = {
					7E4E85471FAC44D900BD1288 = {
						CreatedOnToolsVersion = 9.0.1;
						ProvisioningStyle = Automatic;
					};
				};
			};
			buildConfigurationList = 7E4E85431FAC44D900BD1288 /* Build configuration list for PBXProject "TPDirect_Example" */;
			compatibilityVersion = "Xcode 8.0";
			developmentRegion = en;
			hasScannedForEncodings = 0;
			knownRegions = (
				en,
				Base,
			);
			mainGroup = 7E4E853F1FAC44D900BD1288;
			productRefGroup = 7E4E85491FAC44D900BD1288 /* Products */;
			projectDirPath = "";
			projectRoot = "";
			targets = (
				7E4E85471FAC44D900BD1288 /* TPDirect_Example */,
			);
		};
/* End PBXProject section */

/* Begin PBXResourcesBuildPhase section */
		7E4E85461FAC44D900BD1288 /* Resources */ = {
			isa = PBXResourcesBuildPhase;
			buildActionMask = 2147483647;
			files = (
				7E4E857F1FAC451C00BD1288 /* card_unknown@3x.png in Resources */,
				7E4E85771FAC451C00BD1288 /* card_jcb.png in Resources */,
				7E4E857E1FAC451C00BD1288 /* card_unknown@2x.png in Resources */,
				7E4E85741FAC451C00BD1288 /* card_amex.png in Resources */,
				7E4E857D1FAC451C00BD1288 /* card_unknown.png in Resources */,
				7E4E85581FAC44D900BD1288 /* LaunchScreen.storyboard in Resources */,
				7E4E857C1FAC451C00BD1288 /* card_mastercard@3x.png in Resources */,
				7E4E857B1FAC451C00BD1288 /* card_mastercard@2x.png in Resources */,
				7E4E85821FAC451C00BD1288 /* card_visa@3x.png in Resources */,
				7E4E85761FAC451C00BD1288 /* card_amex@3x.png in Resources */,
				7E4E85791FAC451C00BD1288 /* card_jcb@3x.png in Resources */,
				7E4E85781FAC451C00BD1288 /* card_jcb@2x.png in Resources */,
				7E4E85551FAC44D900BD1288 /* Assets.xcassets in Resources */,
				7E4E85801FAC451C00BD1288 /* card_visa.png in Resources */,
				7E4E857A1FAC451C00BD1288 /* card_mastercard.png in Resources */,
				7E4E85751FAC451C00BD1288 /* card_amex@2x.png in Resources */,
				7E4E85531FAC44D900BD1288 /* Main.storyboard in Resources */,
				7E4E85811FAC451C00BD1288 /* card_visa@2x.png in Resources */,
			);
			runOnlyForDeploymentPostprocessing = 0;
		};
/* End PBXResourcesBuildPhase section */

/* Begin PBXSourcesBuildPhase section */
		7E4E85441FAC44D900BD1288 /* Sources */ = {
			isa = PBXSourcesBuildPhase;
			buildActionMask = 2147483647;
			files = (
				7E4E85501FAC44D900BD1288 /* ViewController.m in Sources */,
				7E4E855B1FAC44D900BD1288 /* main.m in Sources */,
				7E4E854D1FAC44D900BD1288 /* AppDelegate.m in Sources */,
			);
			runOnlyForDeploymentPostprocessing = 0;
		};
/* End PBXSourcesBuildPhase section */

/* Begin PBXVariantGroup section */
		7E4E85511FAC44D900BD1288 /* Main.storyboard */ = {
			isa = PBXVariantGroup;
			children = (
				7E4E85521FAC44D900BD1288 /* Base */,
			);
			name = Main.storyboard;
			sourceTree = "<group>";
		};
		7E4E85561FAC44D900BD1288 /* LaunchScreen.storyboard */ = {
			isa = PBXVariantGroup;
			children = (
				7E4E85571FAC44D900BD1288 /* Base */,
			);
			name = LaunchScreen.storyboard;
			sourceTree = "<group>";
		};
/* End PBXVariantGroup section */

/* Begin XCBuildConfiguration section */
		7E4E855C1FAC44D900BD1288 /* Debug */ = {
			isa = XCBuildConfiguration;
			buildSettings = {
				ALWAYS_SEARCH_USER_PATHS = NO;
				CLANG_ANALYZER_NONNULL = YES;
				CLANG_ANALYZER_NUMBER_OBJECT_CONVERSION = YES_AGGRESSIVE;
				CLANG_CXX_LANGUAGE_STANDARD = "gnu++14";
				CLANG_CXX_LIBRARY = "libc++";
				CLANG_ENABLE_MODULES = YES;
				CLANG_ENABLE_OBJC_ARC = YES;
				CLANG_WARN_BLOCK_CAPTURE_AUTORELEASING = YES;
				CLANG_WARN_BOOL_CONVERSION = YES;
				CLANG_WARN_COMMA = YES;
				CLANG_WARN_CONSTANT_CONVERSION = YES;
				CLANG_WARN_DIRECT_OBJC_ISA_USAGE = YES_ERROR;
				CLANG_WARN_DOCUMENTATION_COMMENTS = YES;
				CLANG_WARN_EMPTY_BODY = YES;
				CLANG_WARN_ENUM_CONVERSION = YES;
				CLANG_WARN_INFINITE_RECURSION = YES;
				CLANG_WARN_INT_CONVERSION = YES;
				CLANG_WARN_NON_LITERAL_NULL_CONVERSION = YES;
				CLANG_WARN_OBJC_LITERAL_CONVERSION = YES;
				CLANG_WARN_OBJC_ROOT_CLASS = YES_ERROR;
				CLANG_WARN_RANGE_LOOP_ANALYSIS = YES;
				CLANG_WARN_STRICT_PROTOTYPES = YES;
				CLANG_WARN_SUSPICIOUS_MOVE = YES;
				CLANG_WARN_UNGUARDED_AVAILABILITY = YES_AGGRESSIVE;
				CLANG_WARN_UNREACHABLE_CODE = YES;
				CLANG_WARN__DUPLICATE_METHOD_MATCH = YES;
				CODE_SIGN_IDENTITY = "iPhone Developer";
				COPY_PHASE_STRIP = NO;
				DEBUG_INFORMATION_FORMAT = dwarf;
				ENABLE_STRICT_OBJC_MSGSEND = YES;
				ENABLE_TESTABILITY = YES;
				GCC_C_LANGUAGE_STANDARD = gnu11;
				GCC_DYNAMIC_NO_PIC = NO;
				GCC_NO_COMMON_BLOCKS = YES;
				GCC_OPTIMIZATION_LEVEL = 0;
				GCC_PREPROCESSOR_DEFINITIONS = (
					"DEBUG=1",
					"$(inherited)",
				);
				GCC_WARN_64_TO_32_BIT_CONVERSION = YES;
				GCC_WARN_ABOUT_RETURN_TYPE = YES_ERROR;
				GCC_WARN_UNDECLARED_SELECTOR = YES;
				GCC_WARN_UNINITIALIZED_AUTOS = YES_AGGRESSIVE;
				GCC_WARN_UNUSED_FUNCTION = YES;
				GCC_WARN_UNUSED_VARIABLE = YES;
				IPHONEOS_DEPLOYMENT_TARGET = 11.0;
				MTL_ENABLE_DEBUG_INFO = YES;
				ONLY_ACTIVE_ARCH = YES;
				SDKROOT = iphoneos;
			};
			name = Debug;
		};
		7E4E855D1FAC44D900BD1288 /* Release */ = {
			isa = XCBuildConfiguration;
			buildSettings = {
				ALWAYS_SEARCH_USER_PATHS = NO;
				CLANG_ANALYZER_NONNULL = YES;
				CLANG_ANALYZER_NUMBER_OBJECT_CONVERSION = YES_AGGRESSIVE;
				CLANG_CXX_LANGUAGE_STANDARD = "gnu++14";
				CLANG_CXX_LIBRARY = "libc++";
				CLANG_ENABLE_MODULES = YES;
				CLANG_ENABLE_OBJC_ARC = YES;
				CLANG_WARN_BLOCK_CAPTURE_AUTORELEASING = YES;
				CLANG_WARN_BOOL_CONVERSION = YES;
				CLANG_WARN_COMMA = YES;
				CLANG_WARN_CONSTANT_CONVERSION = YES;
				CLANG_WARN_DIRECT_OBJC_ISA_USAGE = YES_ERROR;
				CLANG_WARN_DOCUMENTATION_COMMENTS = YES;
				CLANG_WARN_EMPTY_BODY = YES;
				CLANG_WARN_ENUM_CONVERSION = YES;
				CLANG_WARN_INFINITE_RECURSION = YES;
				CLANG_WARN_INT_CONVERSION = YES;
				CLANG_WARN_NON_LITERAL_NULL_CONVERSION = YES;
				CLANG_WARN_OBJC_LITERAL_CONVERSION = YES;
				CLANG_WARN_OBJC_ROOT_CLASS = YES_ERROR;
				CLANG_WARN_RANGE_LOOP_ANALYSIS = YES;
				CLANG_WARN_STRICT_PROTOTYPES = YES;
				CLANG_WARN_SUSPICIOUS_MOVE = YES;
				CLANG_WARN_UNGUARDED_AVAILABILITY = YES_AGGRESSIVE;
				CLANG_WARN_UNREACHABLE_CODE = YES;
				CLANG_WARN__DUPLICATE_METHOD_MATCH = YES;
				CODE_SIGN_IDENTITY = "iPhone Developer";
				COPY_PHASE_STRIP = NO;
				DEBUG_INFORMATION_FORMAT = "dwarf-with-dsym";
				ENABLE_NS_ASSERTIONS = NO;
				ENABLE_STRICT_OBJC_MSGSEND = YES;
				GCC_C_LANGUAGE_STANDARD = gnu11;
				GCC_NO_COMMON_BLOCKS = YES;
				GCC_WARN_64_TO_32_BIT_CONVERSION = YES;
				GCC_WARN_ABOUT_RETURN_TYPE = YES_ERROR;
				GCC_WARN_UNDECLARED_SELECTOR = YES;
				GCC_WARN_UNINITIALIZED_AUTOS = YES_AGGRESSIVE;
				GCC_WARN_UNUSED_FUNCTION = YES;
				GCC_WARN_UNUSED_VARIABLE = YES;
				IPHONEOS_DEPLOYMENT_TARGET = 11.0;
				MTL_ENABLE_DEBUG_INFO = NO;
				SDKROOT = iphoneos;
				VALIDATE_PRODUCT = YES;
			};
			name = Release;
		};
		7E4E855F1FAC44D900BD1288 /* Debug */ = {
			isa = XCBuildConfiguration;
			buildSettings = {
				ASSETCATALOG_COMPILER_APPICON_NAME = AppIcon;
				CODE_SIGN_STYLE = Automatic;
				DEVELOPMENT_TEAM = T9G64ZZGC4;
				FRAMEWORK_SEARCH_PATHS = (
					"$(inherited)",
					"$(PROJECT_DIR)/TPDirect_Example",
				);
				INFOPLIST_FILE = TPDirect_Example/Info.plist;
				IPHONEOS_DEPLOYMENT_TARGET = 9.0;
				LD_RUNPATH_SEARCH_PATHS = (
					"$(inherited)",
					"@executable_path/Frameworks",
				);
				PRODUCT_BUNDLE_IDENTIFIER = "tech.cherri.TPDirect-Demo";
				PRODUCT_NAME = "$(TARGET_NAME)";
				TARGETED_DEVICE_FAMILY = "1,2";
			};
			name = Debug;
		};
		7E4E85601FAC44D900BD1288 /* Release */ = {
			isa = XCBuildConfiguration;
			buildSettings = {
				ASSETCATALOG_COMPILER_APPICON_NAME = AppIcon;
				CODE_SIGN_STYLE = Automatic;
				DEVELOPMENT_TEAM = T9G64ZZGC4;
				FRAMEWORK_SEARCH_PATHS = (
					"$(inherited)",
					"$(PROJECT_DIR)/TPDirect_Example",
				);
				INFOPLIST_FILE = TPDirect_Example/Info.plist;
				IPHONEOS_DEPLOYMENT_TARGET = 9.0;
				LD_RUNPATH_SEARCH_PATHS = (
					"$(inherited)",
					"@executable_path/Frameworks",
				);
				PRODUCT_BUNDLE_IDENTIFIER = "tech.cherri.TPDirect-Demo";
				PRODUCT_NAME = "$(TARGET_NAME)";
				TARGETED_DEVICE_FAMILY = "1,2";
			};
			name = Release;
		};
/* End XCBuildConfiguration section */

/* Begin XCConfigurationList section */
		7E4E85431FAC44D900BD1288 /* Build configuration list for PBXProject "TPDirect_Example" */ = {
			isa = XCConfigurationList;
			buildConfigurations = (
				7E4E855C1FAC44D900BD1288 /* Debug */,
				7E4E855D1FAC44D900BD1288 /* Release */,
			);
			defaultConfigurationIsVisible = 0;
			defaultConfigurationName = Release;
		};
		7E4E855E1FAC44D900BD1288 /* Build configuration list for PBXNativeTarget "TPDirect_Example" */ = {
			isa = XCConfigurationList;
			buildConfigurations = (
				7E4E855F1FAC44D900BD1288 /* Debug */,
				7E4E85601FAC44D900BD1288 /* Release */,
			);
			defaultConfigurationIsVisible = 0;
			defaultConfigurationName = Release;
		};
/* End XCConfigurationList section */
	};
	rootObject = 7E4E85401FAC44D900BD1288 /* Project object */;
}
