// !$*UTF8*$!
{
	archiveVersion = 1;
	classes = {
	};
	objectVersion = 52;
	objects = {

/* Begin PBXBuildFile section */
		0E09123F295C504A006A0CAB /* TPDirect.xcframework in Frameworks */ = {isa = PBXBuildFile; fileRef = 0E09123E295C504A006A0CAB /* TPDirect.xcframework */; };
		F9255BC9244564C500030A09 /* AppDelegate.m in Sources */ = {isa = PBXBuildFile; fileRef = F9255BC8244564C500030A09 /* AppDelegate.m */; };
		F9255BCC244564C500030A09 /* SceneDelegate.m in Sources */ = {isa = PBXBuildFile; fileRef = F9255BCB244564C500030A09 /* SceneDelegate.m */; };
		F9255BCF244564C500030A09 /* ViewController.m in Sources */ = {isa = PBXBuildFile; fileRef = F9255BCE244564C500030A09 /* ViewController.m */; };
		F9255BD2244564C500030A09 /* Main.storyboard in Resources */ = {isa = PBXBuildFile; fileRef = F9255BD0244564C500030A09 /* Main.storyboard */; };
		F9255BD4244564C700030A09 /* Assets.xcassets in Resources */ = {isa = PBXBuildFile; fileRef = F9255BD3244564C700030A09 /* Assets.xcassets */; };
		F9255BD7244564C700030A09 /* LaunchScreen.storyboard in Resources */ = {isa = PBXBuildFile; fileRef = F9255BD5244564C700030A09 /* LaunchScreen.storyboard */; };
		F9255BDA244564C700030A09 /* main.m in Sources */ = {isa = PBXBuildFile; fileRef = F9255BD9244564C700030A09 /* main.m */; };
		F9255C55244590F400030A09 /* WebKit.framework in Frameworks */ = {isa = PBXBuildFile; fileRef = F9255C53244590F200030A09 /* WebKit.framework */; };
/* End PBXBuildFile section */

/* Begin PBXFileReference section */
		0E09123E295C504A006A0CAB /* TPDirect.xcframework */ = {isa = PBXFileReference; lastKnownFileType = wrapper.xcframework; name = TPDirect.xcframework; path = JKOPayObjcExample/TPDirect.xcframework; sourceTree = "<group>"; };
		F9255BC4244564C500030A09 /* JKOPayObjcExample.app */ = {isa = PBXFileReference; explicitFileType = wrapper.application; includeInIndex = 0; path = JKOPayObjcExample.app; sourceTree = BUILT_PRODUCTS_DIR; };
		F9255BC7244564C500030A09 /* AppDelegate.h */ = {isa = PBXFileReference; lastKnownFileType = sourcecode.c.h; path = AppDelegate.h; sourceTree = "<group>"; };
		F9255BC8244564C500030A09 /* AppDelegate.m */ = {isa = PBXFileReference; lastKnownFileType = sourcecode.c.objc; path = AppDelegate.m; sourceTree = "<group>"; };
		F9255BCA244564C500030A09 /* SceneDelegate.h */ = {isa = PBXFileReference; lastKnownFileType = sourcecode.c.h; path = SceneDelegate.h; sourceTree = "<group>"; };
		F9255BCB244564C500030A09 /* SceneDelegate.m */ = {isa = PBXFileReference; lastKnownFileType = sourcecode.c.objc; path = SceneDelegate.m; sourceTree = "<group>"; };
		F9255BCD244564C500030A09 /* ViewController.h */ = {isa = PBXFileReference; lastKnownFileType = sourcecode.c.h; path = ViewController.h; sourceTree = "<group>"; };
		F9255BCE244564C500030A09 /* ViewController.m */ = {isa = PBXFileReference; lastKnownFileType = sourcecode.c.objc; path = ViewController.m; sourceTree = "<group>"; };
		F9255BD1244564C500030A09 /* Base */ = {isa = PBXFileReference; lastKnownFileType = file.storyboard; name = Base; path = Base.lproj/Main.storyboard; sourceTree = "<group>"; };
		F9255BD3244564C700030A09 /* Assets.xcassets */ = {isa = PBXFileReference; lastKnownFileType = folder.assetcatalog; path = Assets.xcassets; sourceTree = "<group>"; };
		F9255BD6244564C700030A09 /* Base */ = {isa = PBXFileReference; lastKnownFileType = file.storyboard; name = Base; path = Base.lproj/LaunchScreen.storyboard; sourceTree = "<group>"; };
		F9255BD8244564C700030A09 /* Info.plist */ = {isa = PBXFileReference; lastKnownFileType = text.plist.xml; path = Info.plist; sourceTree = "<group>"; };
		F9255BD9244564C700030A09 /* main.m */ = {isa = PBXFileReference; lastKnownFileType = sourcecode.c.objc; path = main.m; sourceTree = "<group>"; };
		F9255C53244590F200030A09 /* WebKit.framework */ = {isa = PBXFileReference; lastKnownFileType = wrapper.framework; name = WebKit.framework; path = System/Library/Frameworks/WebKit.framework; sourceTree = SDKROOT; };
/* End PBXFileReference section */

/* Begin PBXFrameworksBuildPhase section */
		F9255BC1244564C500030A09 /* Frameworks */ = {
			isa = PBXFrameworksBuildPhase;
			buildActionMask = 2147483647;
			files = (
				0E09123F295C504A006A0CAB /* TPDirect.xcframework in Frameworks */,
				F9255C55244590F400030A09 /* WebKit.framework in Frameworks */,
			);
			runOnlyForDeploymentPostprocessing = 0;
		};
/* End PBXFrameworksBuildPhase section */

/* Begin PBXGroup section */
		F9255BBB244564C500030A09 = {
			isa = PBXGroup;
			children = (
				F9255BC6244564C500030A09 /* JKOPayObjcExample */,
				F9255BC5244564C500030A09 /* Products */,
				F9255C52244590F200030A09 /* Frameworks */,
			);
			sourceTree = "<group>";
		};
		F9255BC5244564C500030A09 /* Products */ = {
			isa = PBXGroup;
			children = (
				F9255BC4244564C500030A09 /* JKOPayObjcExample.app */,
			);
			name = Products;
			sourceTree = "<group>";
		};
		F9255BC6244564C500030A09 /* JKOPayObjcExample */ = {
			isa = PBXGroup;
			children = (
				F9255BC7244564C500030A09 /* AppDelegate.h */,
				F9255BC8244564C500030A09 /* AppDelegate.m */,
				F9255BCA244564C500030A09 /* SceneDelegate.h */,
				F9255BCB244564C500030A09 /* SceneDelegate.m */,
				F9255BCD244564C500030A09 /* ViewController.h */,
				F9255BCE244564C500030A09 /* ViewController.m */,
				F9255BD0244564C500030A09 /* Main.storyboard */,
				F9255BD3244564C700030A09 /* Assets.xcassets */,
				F9255BD5244564C700030A09 /* LaunchScreen.storyboard */,
				F9255BD8244564C700030A09 /* Info.plist */,
				F9255BD9244564C700030A09 /* main.m */,
			);
			path = JKOPayObjcExample;
			sourceTree = "<group>";
		};
		F9255C52244590F200030A09 /* Frameworks */ = {
			isa = PBXGroup;
			children = (
				0E09123E295C504A006A0CAB /* TPDirect.xcframework */,
				F9255C53244590F200030A09 /* WebKit.framework */,
			);
			name = Frameworks;
			sourceTree = "<group>";
		};
/* End PBXGroup section */

/* Begin PBXNativeTarget section */
		F9255BC3244564C500030A09 /* JKOPayObjcExample */ = {
			isa = PBXNativeTarget;
			buildConfigurationList = F9255BDD244564C700030A09 /* Build configuration list for PBXNativeTarget "JKOPayObjcExample" */;
			buildPhases = (
				F9255BC0244564C500030A09 /* Sources */,
				F9255BC1244564C500030A09 /* Frameworks */,
				F9255BC2244564C500030A09 /* Resources */,
			);
			buildRules = (
			);
			dependencies = (
			);
			name = JKOPayObjcExample;
			productName = JKOPayObjcExample;
			productReference = F9255BC4244564C500030A09 /* JKOPayObjcExample.app */;
			productType = "com.apple.product-type.application";
		};
/* End PBXNativeTarget section */

/* Begin PBXProject section */
		F9255BBC244564C500030A09 /* Project object */ = {
			isa = PBXProject;
			attributes = {
				LastUpgradeCheck = 1130;
				ORGANIZATIONNAME = Cherri;
				TargetAttributes = {
					F9255BC3244564C500030A09 = {
						CreatedOnToolsVersion = 11.3.1;
					};
				};
			};
			buildConfigurationList = F9255BBF244564C500030A09 /* Build configuration list for PBXProject "JKOPayObjcExample" */;
			compatibilityVersion = "Xcode 9.3";
			developmentRegion = en;
			hasScannedForEncodings = 0;
			knownRegions = (
				en,
				Base,
			);
			mainGroup = F9255BBB244564C500030A09;
			productRefGroup = F9255BC5244564C500030A09 /* Products */;
			projectDirPath = "";
			projectRoot = "";
			targets = (
				F9255BC3244564C500030A09 /* JKOPayObjcExample */,
			);
		};
/* End PBXProject section */

/* Begin PBXResourcesBuildPhase section */
		F9255BC2244564C500030A09 /* Resources */ = {
			isa = PBXResourcesBuildPhase;
			buildActionMask = 2147483647;
			files = (
				F9255BD7244564C700030A09 /* LaunchScreen.storyboard in Resources */,
				F9255BD4244564C700030A09 /* Assets.xcassets in Resources */,
				F9255BD2244564C500030A09 /* Main.storyboard in Resources */,
			);
			runOnlyForDeploymentPostprocessing = 0;
		};
/* End PBXResourcesBuildPhase section */

/* Begin PBXSourcesBuildPhase section */
		F9255BC0244564C500030A09 /* Sources */ = {
			isa = PBXSourcesBuildPhase;
			buildActionMask = 2147483647;
			files = (
				F9255BCF244564C500030A09 /* ViewController.m in Sources */,
				F9255BC9244564C500030A09 /* AppDelegate.m in Sources */,
				F9255BDA244564C700030A09 /* main.m in Sources */,
				F9255BCC244564C500030A09 /* SceneDelegate.m in Sources */,
			);
			runOnlyForDeploymentPostprocessing = 0;
		};
/* End PBXSourcesBuildPhase section */

/* Begin PBXVariantGroup section */
		F9255BD0244564C500030A09 /* Main.storyboard */ = {
			isa = PBXVariantGroup;
			children = (
				F9255BD1244564C500030A09 /* Base */,
			);
			name = Main.storyboard;
			sourceTree = "<group>";
		};
		F9255BD5244564C700030A09 /* LaunchScreen.storyboard */ = {
			isa = PBXVariantGroup;
			children = (
				F9255BD6244564C700030A09 /* Base */,
			);
			name = LaunchScreen.storyboard;
			sourceTree = "<group>";
		};
/* End PBXVariantGroup section */

/* Begin XCBuildConfiguration section */
		F9255BDB244564C700030A09 /* Debug */ = {
			isa = XCBuildConfiguration;
			buildSettings = {
				ALWAYS_SEARCH_USER_PATHS = NO;
				CLANG_ANALYZER_NONNULL = YES;
				CLANG_ANALYZER_NUMBER_OBJECT_CONVERSION = YES_AGGRESSIVE;
				CLANG_CXX_LANGUAGE_STANDARD = "gnu++14";
				CLANG_CXX_LIBRARY = "libc++";
				CLANG_ENABLE_MODULES = YES;
				CLANG_ENABLE_OBJC_ARC = YES;
				CLANG_ENABLE_OBJC_WEAK = YES;
				CLANG_WARN_BLOCK_CAPTURE_AUTORELEASING = YES;
				CLANG_WARN_BOOL_CONVERSION = YES;
				CLANG_WARN_COMMA = YES;
				CLANG_WARN_CONSTANT_CONVERSION = YES;
				CLANG_WARN_DEPRECATED_OBJC_IMPLEMENTATIONS = YES;
				CLANG_WARN_DIRECT_OBJC_ISA_USAGE = YES_ERROR;
				CLANG_WARN_DOCUMENTATION_COMMENTS = YES;
				CLANG_WARN_EMPTY_BODY = YES;
				CLANG_WARN_ENUM_CONVERSION = YES;
				CLANG_WARN_INFINITE_RECURSION = YES;
				CLANG_WARN_INT_CONVERSION = YES;
				CLANG_WARN_NON_LITERAL_NULL_CONVERSION = YES;
				CLANG_WARN_OBJC_IMPLICIT_RETAIN_SELF = YES;
				CLANG_WARN_OBJC_LITERAL_CONVERSION = YES;
				CLANG_WARN_OBJC_ROOT_CLASS = YES_ERROR;
				CLANG_WARN_RANGE_LOOP_ANALYSIS = YES;
				CLANG_WARN_STRICT_PROTOTYPES = YES;
				CLANG_WARN_SUSPICIOUS_MOVE = YES;
				CLANG_WARN_UNGUARDED_AVAILABILITY = YES_AGGRESSIVE;
				CLANG_WARN_UNREACHABLE_CODE = YES;
				CLANG_WARN__DUPLICATE_METHOD_MATCH = YES;
				COPY_PHASE_STRIP = NO;
				DEBUG_INFORMATION_FORMAT = dwarf;
				ENABLE_STRICT_OBJC_MSGSEND = YES;
				ENABLE_TESTABILITY = YES;
				GCC_C_LANGUAGE_STANDARD = gnu11;
				GCC_DYNAMIC_NO_PIC = NO;
				GCC_NO_COMMON_BLOCKS = YES;
				GCC_OPTIMIZATION_LEVEL = 0;
				GCC_PREPROCESSOR_DEFINITIONS = (
					"DEBUG=1",
					"$(inherited)",
				);
				GCC_WARN_64_TO_32_BIT_CONVERSION = YES;
				GCC_WARN_ABOUT_RETURN_TYPE = YES_ERROR;
				GCC_WARN_UNDECLARED_SELECTOR = YES;
				GCC_WARN_UNINITIALIZED_AUTOS = YES_AGGRESSIVE;
				GCC_WARN_UNUSED_FUNCTION = YES;
				GCC_WARN_UNUSED_VARIABLE = YES;
				IPHONEOS_DEPLOYMENT_TARGET = 13.2;
				MTL_ENABLE_DEBUG_INFO = INCLUDE_SOURCE;
				MTL_FAST_MATH = YES;
				ONLY_ACTIVE_ARCH = YES;
				SDKROOT = iphoneos;
			};
			name = Debug;
		};
		F9255BDC244564C700030A09 /* Release */ = {
			isa = XCBuildConfiguration;
			buildSettings = {
				ALWAYS_SEARCH_USER_PATHS = NO;
				CLANG_ANALYZER_NONNULL = YES;
				CLANG_ANALYZER_NUMBER_OBJECT_CONVERSION = YES_AGGRESSIVE;
				CLANG_CXX_LANGUAGE_STANDARD = "gnu++14";
				CLANG_CXX_LIBRARY = "libc++";
				CLANG_ENABLE_MODULES = YES;
				CLANG_ENABLE_OBJC_ARC = YES;
				CLANG_ENABLE_OBJC_WEAK = YES;
				CLANG_WARN_BLOCK_CAPTURE_AUTORELEASING = YES;
				CLANG_WARN_BOOL_CONVERSION = YES;
				CLANG_WARN_COMMA = YES;
				CLANG_WARN_CONSTANT_CONVERSION = YES;
				CLANG_WARN_DEPRECATED_OBJC_IMPLEMENTATIONS = YES;
				CLANG_WARN_DIRECT_OBJC_ISA_USAGE = YES_ERROR;
				CLANG_WARN_DOCUMENTATION_COMMENTS = YES;
				CLANG_WARN_EMPTY_BODY = YES;
				CLANG_WARN_ENUM_CONVERSION = YES;
				CLANG_WARN_INFINITE_RECURSION = YES;
				CLANG_WARN_INT_CONVERSION = YES;
				CLANG_WARN_NON_LITERAL_NULL_CONVERSION = YES;
				CLANG_WARN_OBJC_IMPLICIT_RETAIN_SELF = YES;
				CLANG_WARN_OBJC_LITERAL_CONVERSION = YES;
				CLANG_WARN_OBJC_ROOT_CLASS = YES_ERROR;
				CLANG_WARN_RANGE_LOOP_ANALYSIS = YES;
				CLANG_WARN_STRICT_PROTOTYPES = YES;
				CLANG_WARN_SUSPICIOUS_MOVE = YES;
				CLANG_WARN_UNGUARDED_AVAILABILITY = YES_AGGRESSIVE;
				CLANG_WARN_UNREACHABLE_CODE = YES;
				CLANG_WARN__DUPLICATE_METHOD_MATCH = YES;
				COPY_PHASE_STRIP = NO;
				DEBUG_INFORMATION_FORMAT = "dwarf-with-dsym";
				ENABLE_NS_ASSERTIONS = NO;
				ENABLE_STRICT_OBJC_MSGSEND = YES;
				GCC_C_LANGUAGE_STANDARD = gnu11;
				GCC_NO_COMMON_BLOCKS = YES;
				GCC_WARN_64_TO_32_BIT_CONVERSION = YES;
				GCC_WARN_ABOUT_RETURN_TYPE = YES_ERROR;
				GCC_WARN_UNDECLARED_SELECTOR = YES;
				GCC_WARN_UNINITIALIZED_AUTOS = YES_AGGRESSIVE;
				GCC_WARN_UNUSED_FUNCTION = YES;
				GCC_WARN_UNUSED_VARIABLE = YES;
				IPHONEOS_DEPLOYMENT_TARGET = 13.2;
				MTL_ENABLE_DEBUG_INFO = NO;
				MTL_FAST_MATH = YES;
				SDKROOT = iphoneos;
				VALIDATE_PRODUCT = YES;
			};
			name = Release;
		};
		F9255BDE244564C700030A09 /* Debug */ = {
			isa = XCBuildConfiguration;
			buildSettings = {
				ASSETCATALOG_COMPILER_APPICON_NAME = AppIcon;
				CODE_SIGN_STYLE = Automatic;
				DEVELOPMENT_TEAM = T9G64ZZGC4;
				FRAMEWORK_SEARCH_PATHS = (
					"$(inherited)",
					"$(PROJECT_DIR)/JKOPayObjcExample",
				);
				INFOPLIST_FILE = JKOPayObjcExample/Info.plist;
				LD_RUNPATH_SEARCH_PATHS = (
					"$(inherited)",
					"@executable_path/Frameworks",
				);
				PRODUCT_BUNDLE_IDENTIFIER = Cherri.JKOPayObjcExample;
				PRODUCT_NAME = "$(TARGET_NAME)";
				TARGETED_DEVICE_FAMILY = "1,2";
			};
			name = Debug;
		};
		F9255BDF244564C700030A09 /* Release */ = {
			isa = XCBuildConfiguration;
			buildSettings = {
				ASSETCATALOG_COMPILER_APPICON_NAME = AppIcon;
				CODE_SIGN_STYLE = Automatic;
				DEVELOPMENT_TEAM = T9G64ZZGC4;
				FRAMEWORK_SEARCH_PATHS = (
					"$(inherited)",
					"$(PROJECT_DIR)/JKOPayObjcExample",
				);
				INFOPLIST_FILE = JKOPayObjcExample/Info.plist;
				LD_RUNPATH_SEARCH_PATHS = (
					"$(inherited)",
					"@executable_path/Frameworks",
				);
				PRODUCT_BUNDLE_IDENTIFIER = Cherri.JKOPayObjcExample;
				PRODUCT_NAME = "$(TARGET_NAME)";
				TARGETED_DEVICE_FAMILY = "1,2";
			};
			name = Release;
		};
/* End XCBuildConfiguration section */

/* Begin XCConfigurationList section */
		F9255BBF244564C500030A09 /* Build configuration list for PBXProject "JKOPayObjcExample" */ = {
			isa = XCConfigurationList;
			buildConfigurations = (
				F9255BDB244564C700030A09 /* Debug */,
				F9255BDC244564C700030A09 /* Release */,
			);
			defaultConfigurationIsVisible = 0;
			defaultConfigurationName = Release;
		};
		F9255BDD244564C700030A09 /* Build configuration list for PBXNativeTarget "JKOPayObjcExample" */ = {
			isa = XCConfigurationList;
			buildConfigurations = (
				F9255BDE244564C700030A09 /* Debug */,
				F9255BDF244564C700030A09 /* Release */,
			);
			defaultConfigurationIsVisible = 0;
			defaultConfigurationName = Release;
		};
/* End XCConfigurationList section */
	};
	rootObject = F9255BBC244564C500030A09 /* Project object */;
}
